<?xml version="1.0" encoding="utf-8"?>
<Project ToolsVersion="4.0" xmlns="http://schemas.microsoft.com/developer/msbuild/2003">
  <ItemGroup>
    <Filter Include="Misc">
      <UniqueIdentifier>{44ea56d9-e168-490b-9312-482579d0b6a8}</UniqueIdentifier>
    </Filter>
    <Filter Include="Misc\Fichiers sources">
      <UniqueIdentifier>{4FC737F1-C7A5-4376-A066-2A32D752A2FF}</UniqueIdentifier>
      <Extensions>cpp;c;cc;cxx;def;odl;idl;hpj;bat;asm;asmx</Extensions>
    </Filter>
    <Filter Include="Misc\Fichiers d%27en-tête">
      <UniqueIdentifier>{93995380-89BD-4b04-88EB-625FBE52EBFB}</UniqueIdentifier>
      <Extensions>h;hpp;hxx;hm;inl;inc;xsd</Extensions>
    </Filter>
    <Filter Include="Misc\Fichiers de ressources">
      <UniqueIdentifier>{67DA6AB6-F800-4c08-8B7A-83BB121AAD01}</UniqueIdentifier>
      <Extensions>rc;ico;cur;bmp;dlg;rc2;rct;bin;rgs;gif;jpg;jpeg;jpe;resx;tiff;tif;png;wav;mfcribbon-ms</Extensions>
    </Filter>
    <Filter Include="SSWECore">
      <UniqueIdentifier>{f7ad65dc-fe25-470f-aa29-774810f89e80}</UniqueIdentifier>
    </Filter>
    <Filter Include="SSWECore\Core">
      <UniqueIdentifier>{5557ba8d-9a86-4104-a9dd-d1e88bb5ad56}</UniqueIdentifier>
    </Filter>
    <Filter Include="SSWECore\SceneNodes">
      <UniqueIdentifier>{1da195f4-f808-4438-b121-a4af9b00e85d}</UniqueIdentifier>
    </Filter>
    <Filter Include="libs">
      <UniqueIdentifier>{89054a41-ca4e-4639-bf08-cc4733e64064}</UniqueIdentifier>
    </Filter>
    <Filter Include="SSWECore\DecaleSystem">
      <UniqueIdentifier>{c8acba02-ba81-4157-8ec1-69f087f56dcb}</UniqueIdentifier>
    </Filter>
    <Filter Include="SSWECore\ProgressiveMeshBuffer">
      <UniqueIdentifier>{0ae50e75-b52a-4f40-85a6-0df4f6add96a}</UniqueIdentifier>
    </Filter>
  </ItemGroup>
  <ItemGroup>
    <ClCompile Include="SSWECore.cpp">
      <Filter>Misc\Fichiers sources</Filter>
    </ClCompile>
    <ClCompile Include="stdafx.cpp">
      <Filter>Misc\Fichiers sources</Filter>
    </ClCompile>
    <ClCompile Include="SSWECore\Core\CCore.cpp">
      <Filter>SSWECore\Core</Filter>
    </ClCompile>
    <ClCompile Include="SSWECore\Core\CCoreData.cpp">
      <Filter>SSWECore\Core</Filter>
    </ClCompile>
    <ClCompile Include="SSWECore\Core\CCoreObjectPlacement.cpp">
      <Filter>SSWECore\Core</Filter>
    </ClCompile>
    <ClCompile Include="SSWECore\SceneNodes\CGridSceneNode.cpp">
      <Filter>SSWECore\SceneNodes</Filter>
    </ClCompile>
    <ClCompile Include="SSWECore\CCollisionManager.cpp">
      <Filter>SSWECore</Filter>
    </ClCompile>
    <ClCompile Include="SSWECore\Core\CCorePhysics.cpp">
      <Filter>SSWECore\Core</Filter>
    </ClCompile>
    <ClCompile Include="SSWECore\DecaleSystem\CBatchingMesh.cpp">
      <Filter>SSWECore\DecaleSystem</Filter>
    </ClCompile>
    <ClCompile Include="SSWECore\DecaleSystem\DecalManager.cpp">
      <Filter>SSWECore\DecaleSystem</Filter>
    </ClCompile>
    <ClCompile Include="SSWECore\DecaleSystem\DecalSceneNode.cpp">
      <Filter>SSWECore\DecaleSystem</Filter>
    </ClCompile>
    <ClCompile Include="SSWECore\Core\CScenarioData.cpp">
      <Filter>SSWECore\Core</Filter>
    </ClCompile>
    <ClCompile Include="SSWECore\ProgressiveMeshBuffer\CMeshSimplificator.cpp">
      <Filter>SSWECore\ProgressiveMeshBuffer</Filter>
    </ClCompile>
    <ClCompile Include="SSWECore\ProgressiveMeshBuffer\CVertex.cpp">
      <Filter>SSWECore\ProgressiveMeshBuffer</Filter>
    </ClCompile>
    <ClCompile Include="SSWECore\ProgressiveMeshBuffer\CTriangle.cpp">
      <Filter>SSWECore\ProgressiveMeshBuffer</Filter>
    </ClCompile>
    <ClCompile Include="SSWECore\ProgressiveMeshBuffer\CProgressiveMeshBuffer.cpp">
      <Filter>SSWECore\ProgressiveMeshBuffer</Filter>
    </ClCompile>
    <ClCompile Include="SSWECore\ProgressiveMeshBuffer\CEdge.cpp">
      <Filter>SSWECore\ProgressiveMeshBuffer</Filter>
    </ClCompile>
  </ItemGroup>
  <ItemGroup>
    <ClInclude Include="SSWECore.h">
      <Filter>Misc\Fichiers d%27en-tête</Filter>
    </ClInclude>
    <ClInclude Include="stdafx.h">
      <Filter>Misc\Fichiers d%27en-tête</Filter>
    </ClInclude>
    <ClInclude Include="targetver.h">
      <Filter>Misc\Fichiers d%27en-tête</Filter>
    </ClInclude>
    <ClInclude Include="Resource.h">
      <Filter>Misc\Fichiers d%27en-tête</Filter>
    </ClInclude>
    <ClInclude Include="SSWECore\Core\CCore.h">
      <Filter>SSWECore\Core</Filter>
    </ClInclude>
    <ClInclude Include="SSWECore\Core\CCoreData.h">
      <Filter>SSWECore\Core</Filter>
    </ClInclude>
    <ClInclude Include="SSWECore\Core\CCoreObjectPlacement.h">
      <Filter>SSWECore\Core</Filter>
    </ClInclude>
    <ClInclude Include="SSWECore\SceneNodes\CGridSceneNode.h">
      <Filter>SSWECore\SceneNodes</Filter>
    </ClInclude>
    <ClInclude Include="SSWECore\CCollisionManager.h">
      <Filter>SSWECore</Filter>
    </ClInclude>
    <ClInclude Include="SSWECore\Core\CCorePhysics.h">
      <Filter>SSWECore\Core</Filter>
    </ClInclude>
    <ClInclude Include="SSWECore\DecaleSystem\CBatchingMesh.h">
      <Filter>SSWECore\DecaleSystem</Filter>
    </ClInclude>
    <ClInclude Include="SSWECore\DecaleSystem\DecalManager.h">
      <Filter>SSWECore\DecaleSystem</Filter>
    </ClInclude>
    <ClInclude Include="SSWECore\DecaleSystem\DecalSceneNode.h">
      <Filter>SSWECore\DecaleSystem</Filter>
    </ClInclude>
    <ClInclude Include="SSWECore\Core\CScenarioData.h">
      <Filter>SSWECore\Core</Filter>
    </ClInclude>
    <ClInclude Include="SSWECore\ProgressiveMeshBuffer\CMeshSimplificator.h">
      <Filter>SSWECore\ProgressiveMeshBuffer</Filter>
    </ClInclude>
    <ClInclude Include="SSWECore\ProgressiveMeshBuffer\CVertex.h">
      <Filter>SSWECore\ProgressiveMeshBuffer</Filter>
    </ClInclude>
    <ClInclude Include="SSWECore\ProgressiveMeshBuffer\CTriangle.h">
      <Filter>SSWECore\ProgressiveMeshBuffer</Filter>
    </ClInclude>
    <ClInclude Include="SSWECore\ProgressiveMeshBuffer\CProgressiveMeshBuffer.h">
      <Filter>SSWECore\ProgressiveMeshBuffer</Filter>
    </ClInclude>
    <ClInclude Include="SSWECore\ProgressiveMeshBuffer\CEdge.h">
      <Filter>SSWECore\ProgressiveMeshBuffer</Filter>
    </ClInclude>
  </ItemGroup>
  <ItemGroup>
    <None Include="SSWECore.def">
      <Filter>Misc\Fichiers sources</Filter>
    </None>
    <None Include="res\SSWECore.rc2">
      <Filter>Misc\Fichiers de ressources</Filter>
    </None>
  </ItemGroup>
  <ItemGroup>
    <ResourceCompile Include="SSWECore.rc">
      <Filter>Misc\Fichiers de ressources</Filter>
    </ResourceCompile>
  </ItemGroup>
  <ItemGroup>
    <Text Include="ReadMe.txt">
      <Filter>Misc</Filter>
    </Text>
  </ItemGroup>
</Project>