<?xml version="1.0" encoding="UTF-8" standalone="yes" ?>
<CodeBlocks_project_file>
	<FileVersion major="1" minor="6" />
	<Project>
		<Option title="SSWECore" />
		<Option pch_mode="2" />
		<Option compiler="gcc" />
		<Build>
			<Target title="Debug">
				<Option output="SSWECore" prefix_auto="1" extension_auto="1" />
				<Option working_dir="" />
				<Option object_output="obj/Debug/" />
				<Option type="2" />
				<Option compiler="gcc" />
				<Option createDefFile="1" />
				<Compiler>
					<Add option="-Wall" />
					<Add option="-g" />
				</Compiler>
			</Target>
			<Target title="Release">
				<Option output="SSWECore" prefix_auto="1" extension_auto="1" />
				<Option working_dir="" />
				<Option object_output="obj/Release/" />
				<Option type="2" />
				<Option compiler="gcc" />
				<Option createDefFile="1" />
				<Compiler>
					<Add option="-O2" />
					<Add option="-Wall" />
				</Compiler>
				<Linker>
					<Add option="-s" />
				</Linker>
			</Target>
		</Build>
		<Compiler>
			<Add option="-std=c++11" />
			<Add option="-W" />
			<Add option="-O0" />
			<Add option="-Wno-unused-parameter" />
			<Add option="-D_IRR_STATIC_LIB_" />
			<Add directory="../../SSWECore" />
			<Add directory="../../../../irrlicht-1.8.1/include" />
			<Add directory="../../SSWELib/include" />
			<Add directory="../../Bullet/bullet-2.81-rev2613" />
			<Add directory="../../Bullet/bullet-2.81-rev2613/src" />
			<Add directory="../../SPARK/SPARK155/include" />
			<Add directory="../../SSWERenders" />
		</Compiler>
		<Linker>
			<Add directory="../../SSWERenders/SSWERenders" />
		</Linker>
		<Unit filename="../SSWECore.cpp" />
		<Unit filename="../SSWECore.h" />
		<Unit filename="../stdafx.cpp" />
		<Unit filename="../stdafx.h" />
		<Unit filename="CCollisionManager.cpp" />
		<Unit filename="CCollisionManager.h" />
		<Unit filename="Core/CCore.cpp" />
		<Unit filename="Core/CCore.h" />
		<Unit filename="Core/CCoreData.cpp" />
		<Unit filename="Core/CCoreData.h" />
		<Unit filename="Core/CCoreObjectPlacement.cpp" />
		<Unit filename="Core/CCoreObjectPlacement.h" />
		<Unit filename="Core/CCorePhysics.cpp" />
		<Unit filename="Core/CCorePhysics.h" />
		<Unit filename="Core/CScenarioData.cpp" />
		<Unit filename="Core/CScenarioData.h" />
		<Unit filename="DecaleSystem/CBatchingMesh.cpp" />
		<Unit filename="DecaleSystem/CBatchingMesh.h" />
		<Unit filename="DecaleSystem/DecalManager.cpp" />
		<Unit filename="DecaleSystem/DecalManager.h" />
		<Unit filename="DecaleSystem/DecalSceneNode.cpp" />
		<Unit filename="DecaleSystem/DecalSceneNode.h" />
		<Unit filename="ProgressiveMeshBuffer/CEdge.cpp" />
		<Unit filename="ProgressiveMeshBuffer/CEdge.h" />
		<Unit filename="ProgressiveMeshBuffer/CMeshSimplificator.cpp" />
		<Unit filename="ProgressiveMeshBuffer/CMeshSimplificator.h" />
		<Unit filename="ProgressiveMeshBuffer/CProgressiveMeshBuffer.cpp" />
		<Unit filename="ProgressiveMeshBuffer/CProgressiveMeshBuffer.h" />
		<Unit filename="ProgressiveMeshBuffer/CTriangle.cpp" />
		<Unit filename="ProgressiveMeshBuffer/CTriangle.h" />
		<Unit filename="ProgressiveMeshBuffer/CVertex.cpp" />
		<Unit filename="ProgressiveMeshBuffer/CVertex.h" />
		<Unit filename="SceneNodes/CGridSceneNode.cpp" />
		<Unit filename="SceneNodes/CGridSceneNode.h" />
		<Extensions>
			<code_completion />
			<debugger />
		</Extensions>
	</Project>
</CodeBlocks_project_file>
