<?xml version="1.0" encoding="utf-8"?>
<Project ToolsVersion="4.0" xmlns="http://schemas.microsoft.com/developer/msbuild/2003">
  <ItemGroup>
    <Filter Include="Misc">
      <UniqueIdentifier>{486dcbff-589f-4855-a6a3-3d0827f70642}</UniqueIdentifier>
    </Filter>
    <Filter Include="Misc\Fichiers sources">
      <UniqueIdentifier>{4FC737F1-C7A5-4376-A066-2A32D752A2FF}</UniqueIdentifier>
      <Extensions>cpp;c;cc;cxx;def;odl;idl;hpj;bat;asm;asmx</Extensions>
    </Filter>
    <Filter Include="Misc\Fichiers d%27en-tête">
      <UniqueIdentifier>{93995380-89BD-4b04-88EB-625FBE52EBFB}</UniqueIdentifier>
      <Extensions>h;hpp;hxx;hm;inl;inc;xsd</Extensions>
    </Filter>
    <Filter Include="Misc\Fichiers de ressources">
      <UniqueIdentifier>{67DA6AB6-F800-4c08-8B7A-83BB121AAD01}</UniqueIdentifier>
      <Extensions>rc;ico;cur;bmp;dlg;rc2;rct;bin;rgs;gif;jpg;jpeg;jpe;resx;tiff;tif;png;wav;mfcribbon-ms</Extensions>
    </Filter>
    <Filter Include="SSWELib">
      <UniqueIdentifier>{e6465e47-a5d2-4979-af27-f3492852eb62}</UniqueIdentifier>
    </Filter>
    <Filter Include="SSWELib\UserInterfaces">
      <UniqueIdentifier>{be2d5915-d836-4250-9141-65aa113d0901}</UniqueIdentifier>
    </Filter>
    <Filter Include="SSWELib\UserInterfaces\MainWindow">
      <UniqueIdentifier>{9f700763-79b6-4df8-901f-29df86315496}</UniqueIdentifier>
    </Filter>
    <Filter Include="SSWELib\UserInterfaces\MaterialEditor">
      <UniqueIdentifier>{f32e7b45-b380-4b7a-8379-0d177a5ff84a}</UniqueIdentifier>
    </Filter>
    <Filter Include="SSWELib\UserInterfaces\MaterialEditor\General">
      <UniqueIdentifier>{45149bf4-5500-4e3c-9d89-6b242df4aafd}</UniqueIdentifier>
    </Filter>
    <Filter Include="SSWELib\UserInterfaces\NodeFactory">
      <UniqueIdentifier>{304b5d6e-9cd8-4459-a4bd-930d00703d09}</UniqueIdentifier>
    </Filter>
    <Filter Include="SSWELib\UserInterfaces\TexturesManager">
      <UniqueIdentifier>{7a50049c-98b9-41f6-83d9-52c2dba0f8c1}</UniqueIdentifier>
    </Filter>
    <Filter Include="SSWELib\UserInterfaces\ProcessesLogger">
      <UniqueIdentifier>{91f397dc-8d06-41e6-aca2-274c80bf0d3c}</UniqueIdentifier>
    </Filter>
    <Filter Include="SSWELib\UserInterfaces\AnimatorsEditor">
      <UniqueIdentifier>{b25f4e1c-f8b9-4d38-8c0e-67d48f2b7cdf}</UniqueIdentifier>
    </Filter>
    <Filter Include="SSWELib\UserInterfaces\CodeEditor">
      <UniqueIdentifier>{58076c09-b168-49cd-829f-5a35d1b90431}</UniqueIdentifier>
    </Filter>
    <Filter Include="SSWELib\Renders">
      <UniqueIdentifier>{7472f6da-8cf1-4977-acd7-c3df8e3b6b7c}</UniqueIdentifier>
    </Filter>
    <Filter Include="SSWELib\Renders\XEffect">
      <UniqueIdentifier>{e6f1a103-b4ee-4f34-8bd2-f91ea7f68378}</UniqueIdentifier>
    </Filter>
    <Filter Include="SSWELib\Renders\XEffect\Interfaces">
      <UniqueIdentifier>{e53f1f7a-d616-433a-8caa-16fa3f6294cf}</UniqueIdentifier>
    </Filter>
    <Filter Include="SSWELib\SceneNodes">
      <UniqueIdentifier>{99936717-6375-4a8d-b44b-08f1409890e4}</UniqueIdentifier>
    </Filter>
    <Filter Include="SSWELib\SceneNodes\Camera">
      <UniqueIdentifier>{2ef3fc22-89d5-4763-9f5e-60f3f0b6f305}</UniqueIdentifier>
    </Filter>
    <Filter Include="SSWELib\SceneNodes\WaterSurface">
      <UniqueIdentifier>{503e9094-e48c-471b-87d5-108ff93ded11}</UniqueIdentifier>
    </Filter>
    <Filter Include="SSWELib\SceneNodes\Animators">
      <UniqueIdentifier>{6d9750eb-92d7-4cdd-82c4-48879ec89012}</UniqueIdentifier>
    </Filter>
    <Filter Include="SSWELib\Scenes">
      <UniqueIdentifier>{4ede1748-8d45-4768-85c4-ad643d74da27}</UniqueIdentifier>
    </Filter>
    <Filter Include="SSWELib\GUIExtension">
      <UniqueIdentifier>{fe4d49a2-93fb-4264-9295-2db16d632ac8}</UniqueIdentifier>
    </Filter>
    <Filter Include="SSWELib\GUIExtension\CodeEditor">
      <UniqueIdentifier>{d95a3e19-21b4-4f78-87da-2e6970b26851}</UniqueIdentifier>
    </Filter>
    <Filter Include="SSWELib\GUIExtension\ViewPort">
      <UniqueIdentifier>{3fef2e35-3be5-4888-89ad-1c1cdf55b466}</UniqueIdentifier>
    </Filter>
    <Filter Include="SSWELib\GUIExtension\Graph2D">
      <UniqueIdentifier>{14bafc0c-9d1b-47df-b532-6ee7f7d2f59a}</UniqueIdentifier>
    </Filter>
    <Filter Include="SSWELib\GUIExtension\ProgressBar">
      <UniqueIdentifier>{adcd41e1-c8ea-4406-b7c7-4ec6f78ea75e}</UniqueIdentifier>
    </Filter>
    <Filter Include="SSWELib\Device">
      <UniqueIdentifier>{1a60a714-1339-417d-bc05-f11a0b9e270f}</UniqueIdentifier>
    </Filter>
    <Filter Include="SSWELib\Device\Core">
      <UniqueIdentifier>{153c5161-f04a-4939-abb9-6e63e7f12f43}</UniqueIdentifier>
    </Filter>
    <Filter Include="SSWELib\Device\Core\Scripting">
      <UniqueIdentifier>{ec5a244a-3189-4517-bb2b-013bb33a78bb}</UniqueIdentifier>
    </Filter>
    <Filter Include="SSWELib\CharacterEdition">
      <UniqueIdentifier>{39735d6f-d759-4ede-b080-fb1cc5f9fa40}</UniqueIdentifier>
    </Filter>
    <Filter Include="SSWELib\CharacterEdition\ManualAnimation">
      <UniqueIdentifier>{202af1c3-a195-4598-a667-4b652aff7745}</UniqueIdentifier>
    </Filter>
    <Filter Include="SSWELib\Device\Monitor">
      <UniqueIdentifier>{a69cacc2-b7ca-4494-9fc4-4ca0b87daf8f}</UniqueIdentifier>
    </Filter>
    <Filter Include="SSWELib\UserInterfaces\PluginsManager">
      <UniqueIdentifier>{80c9630d-fda7-47e1-b8f1-c06627659ccd}</UniqueIdentifier>
    </Filter>
    <Filter Include="include">
      <UniqueIdentifier>{97d81519-9b63-4266-891a-1672d9dc20bf}</UniqueIdentifier>
    </Filter>
    <Filter Include="SSWELib\UserInterfaces\Options">
      <UniqueIdentifier>{17d6ae91-fe75-4c07-ad04-c79bd27a23fc}</UniqueIdentifier>
    </Filter>
    <Filter Include="SSWELib\SceneNodes\Terrains">
      <UniqueIdentifier>{b19b81f9-6de4-4f71-947c-cb4b02b49656}</UniqueIdentifier>
    </Filter>
    <Filter Include="SSWELib\Renders\DepthOfField">
      <UniqueIdentifier>{70822ee8-74ca-4c9f-a87a-def908fe52e8}</UniqueIdentifier>
    </Filter>
    <Filter Include="SSWELib\GUIExtension\FileSelector">
      <UniqueIdentifier>{27c5263b-6f8f-4e5f-b57d-1a65f554580a}</UniqueIdentifier>
    </Filter>
    <Filter Include="SSWELib\UserInterfaces\NodeFactory\TerrainPainting">
      <UniqueIdentifier>{fcb59585-bb7b-4bf5-a99a-e4a0654b9290}</UniqueIdentifier>
    </Filter>
    <Filter Include="SSWELib\SceneNodes\TerrainSystem">
      <UniqueIdentifier>{5c54df01-3cf2-42d0-9056-d238f9438e20}</UniqueIdentifier>
    </Filter>
    <Filter Include="SSWELib\SceneNodes\Clouds">
      <UniqueIdentifier>{60ddbbf1-673f-480c-9d20-537e138334e1}</UniqueIdentifier>
    </Filter>
    <Filter Include="SSWELib\UserInterfaces\ParticlesEditor">
      <UniqueIdentifier>{cc08e2a2-4ff6-4758-92bf-a9f890c2a943}</UniqueIdentifier>
    </Filter>
    <Filter Include="SSWELib\GUIExtension\NodesEditor">
      <UniqueIdentifier>{d9210517-ad0e-4b48-b383-1bfae7718fb7}</UniqueIdentifier>
    </Filter>
    <Filter Include="SSWELib\GUIExtension\FileLoader">
      <UniqueIdentifier>{62b40de5-ea6c-45df-b714-dcd48682c10c}</UniqueIdentifier>
    </Filter>
    <Filter Include="SSWELib\UserInterfaces\Radiosity">
      <UniqueIdentifier>{9f27b298-0f12-4352-9c9e-55f95e35c7c9}</UniqueIdentifier>
    </Filter>
    <Filter Include="SSWELib\UserInterfaces\AnimatorsEditor\CameraScenarioMaker">
      <UniqueIdentifier>{5c325b18-4cdb-447b-b6ac-d1d2b88edb17}</UniqueIdentifier>
    </Filter>
  </ItemGroup>
  <ItemGroup>
    <ClCompile Include="SSWELib.cpp">
      <Filter>Misc\Fichiers sources</Filter>
    </ClCompile>
    <ClCompile Include="stdafx.cpp">
      <Filter>Misc\Fichiers sources</Filter>
    </ClCompile>
    <ClCompile Include="SSWELib\CharacterEdition\CAction.cpp">
      <Filter>SSWELib\CharacterEdition</Filter>
    </ClCompile>
    <ClCompile Include="SSWELib\CharacterEdition\CUICharacterWindow.cpp">
      <Filter>SSWELib\CharacterEdition</Filter>
    </ClCompile>
    <ClCompile Include="SSWELib\CharacterEdition\CUIEditBones.cpp">
      <Filter>SSWELib\CharacterEdition</Filter>
    </ClCompile>
    <ClCompile Include="SSWELib\CharacterEdition\ManualAnimation\CAnimation.cpp">
      <Filter>SSWELib\CharacterEdition\ManualAnimation</Filter>
    </ClCompile>
    <ClCompile Include="SSWELib\CharacterEdition\ManualAnimation\CFrame.cpp">
      <Filter>SSWELib\CharacterEdition\ManualAnimation</Filter>
    </ClCompile>
    <ClCompile Include="SSWELib\CharacterEdition\ManualAnimation\CManualAction.cpp">
      <Filter>SSWELib\CharacterEdition\ManualAnimation</Filter>
    </ClCompile>
    <ClCompile Include="SSWELib\Device\Core\Scripting\CFileSystemScripting.cpp">
      <Filter>SSWELib\Device\Core\Scripting</Filter>
    </ClCompile>
    <ClCompile Include="SSWELib\Device\Core\Scripting\CLuaBinds.cpp">
      <Filter>SSWELib\Device\Core\Scripting</Filter>
    </ClCompile>
    <ClCompile Include="SSWELib\Device\Core\Scripting\CSceneScripting.cpp">
      <Filter>SSWELib\Device\Core\Scripting</Filter>
    </ClCompile>
    <ClCompile Include="SSWELib\Device\Core\Scripting\CUIScriptEditor.cpp">
      <Filter>SSWELib\Device\Core\Scripting</Filter>
    </ClCompile>
    <ClCompile Include="SSWELib\Device\Core\CCoreUserInterface.cpp">
      <Filter>SSWELib\Device\Core</Filter>
    </ClCompile>
    <ClCompile Include="SSWELib\Device\CDevices.cpp">
      <Filter>SSWELib\Device</Filter>
    </ClCompile>
    <ClCompile Include="SSWELib\GUIExtension\CodeEditor\CGUICodeEditor.cpp">
      <Filter>SSWELib\GUIExtension\CodeEditor</Filter>
    </ClCompile>
    <ClCompile Include="SSWELib\GUIExtension\Graph2D\GraphKat.cpp">
      <Filter>SSWELib\GUIExtension\Graph2D</Filter>
    </ClCompile>
    <ClCompile Include="SSWELib\GUIExtension\ProgressBar\ProgressBar.cpp">
      <Filter>SSWELib\GUIExtension\ProgressBar</Filter>
    </ClCompile>
    <ClCompile Include="SSWELib\GUIExtension\ViewPort\CGUIViewPort.cpp">
      <Filter>SSWELib\GUIExtension\ViewPort</Filter>
    </ClCompile>
    <ClCompile Include="SSWELib\Renders\XEffect\Interfaces\CShaderCallback.cpp">
      <Filter>SSWELib\Renders\XEffect\Interfaces</Filter>
    </ClCompile>
    <ClCompile Include="SSWELib\Renders\XEffect\Interfaces\CUIWindowEditMaterials.cpp">
      <Filter>SSWELib\Renders\XEffect\Interfaces</Filter>
    </ClCompile>
    <ClCompile Include="SSWELib\Renders\XEffect\Interfaces\CUIWindowEditMaterialsCallback.cpp">
      <Filter>SSWELib\Renders\XEffect\Interfaces</Filter>
    </ClCompile>
    <ClCompile Include="SSWELib\SceneNodes\LensFlareSceneNode.cpp">
      <Filter>SSWELib\SceneNodes</Filter>
    </ClCompile>
    <ClCompile Include="SSWELib\SceneNodes\SceneNodeAnimatorFollowCamera.cpp">
      <Filter>SSWELib\SceneNodes</Filter>
    </ClCompile>
    <ClCompile Include="SSWELib\SceneNodes\WaterSurface\CWaterSurface.cpp">
      <Filter>SSWELib\SceneNodes\WaterSurface</Filter>
    </ClCompile>
    <ClCompile Include="SSWELib\SceneNodes\Animators\CRotationAnimator.cpp">
      <Filter>SSWELib\SceneNodes\Animators</Filter>
    </ClCompile>
    <ClCompile Include="SSWELib\Scenes\CExporter.cpp">
      <Filter>SSWELib\Scenes</Filter>
    </ClCompile>
    <ClCompile Include="SSWELib\Scenes\CImporter.cpp">
      <Filter>SSWELib\Scenes</Filter>
    </ClCompile>
    <ClCompile Include="SSWELib\UserInterfaces\CUILoadNodesGroup.cpp">
      <Filter>SSWELib\UserInterfaces</Filter>
    </ClCompile>
    <ClCompile Include="SSWELib\UserInterfaces\CUIRenderingInfos.cpp">
      <Filter>SSWELib\UserInterfaces</Filter>
    </ClCompile>
    <ClCompile Include="SSWELib\UserInterfaces\CUIRightSceneTreeView.cpp">
      <Filter>SSWELib\UserInterfaces</Filter>
    </ClCompile>
    <ClCompile Include="SSWELib\UserInterfaces\CUISceneView.cpp">
      <Filter>SSWELib\UserInterfaces</Filter>
    </ClCompile>
    <ClCompile Include="SSWELib\UserInterfaces\CUIWindowEditGrid.cpp">
      <Filter>SSWELib\UserInterfaces</Filter>
    </ClCompile>
    <ClCompile Include="SSWELib\UserInterfaces\CUIWindowEditLight.cpp">
      <Filter>SSWELib\UserInterfaces</Filter>
    </ClCompile>
    <ClCompile Include="SSWELib\UserInterfaces\CUIWindowEditNode.cpp">
      <Filter>SSWELib\UserInterfaces</Filter>
    </ClCompile>
    <ClCompile Include="SSWELib\UserInterfaces\CUIWindowEditVolumeLight.cpp">
      <Filter>SSWELib\UserInterfaces</Filter>
    </ClCompile>
    <ClCompile Include="SSWELib\UserInterfaces\CUIWindowEditWater.cpp">
      <Filter>SSWELib\UserInterfaces</Filter>
    </ClCompile>
    <ClCompile Include="SSWELib\UserInterfaces\CUIWindowExportScene.cpp">
      <Filter>SSWELib\UserInterfaces</Filter>
    </ClCompile>
    <ClCompile Include="SSWELib\UserInterfaces\CUIWindowOpenScene.cpp">
      <Filter>SSWELib\UserInterfaces</Filter>
    </ClCompile>
    <ClCompile Include="SSWELib\UserInterfaces\CUIWindowsManager.cpp">
      <Filter>SSWELib\UserInterfaces</Filter>
    </ClCompile>
    <ClCompile Include="SSWELib\UserInterfaces\UIContextMenu.cpp">
      <Filter>SSWELib\UserInterfaces</Filter>
    </ClCompile>
    <ClCompile Include="SSWELib\UserInterfaces\UIWindowRender.cpp">
      <Filter>SSWELib\UserInterfaces</Filter>
    </ClCompile>
    <ClCompile Include="SSWELib\UserInterfaces\AnimatorsEditor\CUIWindowEditNodeAnimators.cpp">
      <Filter>SSWELib\UserInterfaces\AnimatorsEditor</Filter>
    </ClCompile>
    <ClCompile Include="SSWELib\UserInterfaces\CodeEditor\CUICodeEditor.cpp">
      <Filter>SSWELib\UserInterfaces\CodeEditor</Filter>
    </ClCompile>
    <ClCompile Include="SSWELib\UserInterfaces\MainWindow\CUIWindowAddLight.cpp">
      <Filter>SSWELib\UserInterfaces\MainWindow</Filter>
    </ClCompile>
    <ClCompile Include="SSWELib\UserInterfaces\MainWindow\CUIWindowAddObject.cpp">
      <Filter>SSWELib\UserInterfaces\MainWindow</Filter>
    </ClCompile>
    <ClCompile Include="SSWELib\UserInterfaces\MainWindow\CUIWindowAddTerrain.cpp">
      <Filter>SSWELib\UserInterfaces\MainWindow</Filter>
    </ClCompile>
    <ClCompile Include="SSWELib\UserInterfaces\MainWindow\CUIWindowAddTree.cpp">
      <Filter>SSWELib\UserInterfaces\MainWindow</Filter>
    </ClCompile>
    <ClCompile Include="SSWELib\UserInterfaces\MainWindow\CUIWindowAddVolumeLight.cpp">
      <Filter>SSWELib\UserInterfaces\MainWindow</Filter>
    </ClCompile>
    <ClCompile Include="SSWELib\UserInterfaces\MainWindow\CUIWindowAddWatersSurface.cpp">
      <Filter>SSWELib\UserInterfaces\MainWindow</Filter>
    </ClCompile>
    <ClCompile Include="SSWELib\UserInterfaces\MainWindow\UIMainWindow.cpp">
      <Filter>SSWELib\UserInterfaces\MainWindow</Filter>
    </ClCompile>
    <ClCompile Include="SSWELib\UserInterfaces\MaterialEditor\General\CUIMaterialEditorColors.cpp">
      <Filter>SSWELib\UserInterfaces\MaterialEditor\General</Filter>
    </ClCompile>
    <ClCompile Include="SSWELib\UserInterfaces\MaterialEditor\General\CUIMaterialEditorFlags.cpp">
      <Filter>SSWELib\UserInterfaces\MaterialEditor\General</Filter>
    </ClCompile>
    <ClCompile Include="SSWELib\UserInterfaces\MaterialEditor\General\CUIMaterialEditorTextures.cpp">
      <Filter>SSWELib\UserInterfaces\MaterialEditor\General</Filter>
    </ClCompile>
    <ClCompile Include="SSWELib\UserInterfaces\MaterialEditor\CMaterialEditorFactory.cpp">
      <Filter>SSWELib\UserInterfaces\MaterialEditor</Filter>
    </ClCompile>
    <ClCompile Include="SSWELib\UserInterfaces\MaterialEditor\CUIMaterialEditor.cpp">
      <Filter>SSWELib\UserInterfaces\MaterialEditor</Filter>
    </ClCompile>
    <ClCompile Include="SSWELib\UserInterfaces\NodeFactory\CUINodeFactoryCreateMeshWithTangents.cpp">
      <Filter>SSWELib\UserInterfaces\NodeFactory</Filter>
    </ClCompile>
    <ClCompile Include="SSWELib\UserInterfaces\NodeFactory\CUINodeFactoryPlanarMapping.cpp">
      <Filter>SSWELib\UserInterfaces\NodeFactory</Filter>
    </ClCompile>
    <ClCompile Include="SSWELib\UserInterfaces\ProcessesLogger\CProcess.cpp">
      <Filter>SSWELib\UserInterfaces\ProcessesLogger</Filter>
    </ClCompile>
    <ClCompile Include="SSWELib\UserInterfaces\ProcessesLogger\CUIProcessesLogger.cpp">
      <Filter>SSWELib\UserInterfaces\ProcessesLogger</Filter>
    </ClCompile>
    <ClCompile Include="SSWELib\UserInterfaces\TexturesManager\CUITexturesManager.cpp">
      <Filter>SSWELib\UserInterfaces\TexturesManager</Filter>
    </ClCompile>
    <ClCompile Include="SSWELib\UserInterfaces\NodeFactory\CNodeFactory.cpp">
      <Filter>SSWELib\UserInterfaces\NodeFactory</Filter>
    </ClCompile>
    <ClCompile Include="SSWELib\Device\Monitor\MonitorRegister.cpp">
      <Filter>SSWELib\Device\Monitor</Filter>
    </ClCompile>
    <ClCompile Include="SSWELib\UserInterfaces\PluginsManager\CUIPluginsManager.cpp">
      <Filter>SSWELib\UserInterfaces\PluginsManager</Filter>
    </ClCompile>
    <ClCompile Include="SSWELib\UserInterfaces\PluginsManager\CPluginsManager.cpp">
      <Filter>SSWELib\UserInterfaces\PluginsManager</Filter>
    </ClCompile>
    <ClCompile Include="SSWELib\UserInterfaces\AnimatorsEditor\CUIEditFPSCamera.cpp">
      <Filter>SSWELib\UserInterfaces\AnimatorsEditor</Filter>
    </ClCompile>
    <ClCompile Include="SSWELib\UserInterfaces\Options\CUISSWEOptions.cpp">
      <Filter>SSWELib\UserInterfaces\Options</Filter>
    </ClCompile>
    <ClCompile Include="SSWELib\SceneNodes\Terrains\CTerrain.cpp">
      <Filter>SSWELib\SceneNodes\Terrains</Filter>
    </ClCompile>
    <ClCompile Include="SSWELib\SceneNodes\Terrains\CTerrainPager.cpp">
      <Filter>SSWELib\SceneNodes\Terrains</Filter>
    </ClCompile>
    <ClCompile Include="SSWELib\UserInterfaces\NodeFactory\CUIWindowAddNewTerrain.cpp">
      <Filter>SSWELib\UserInterfaces\NodeFactory</Filter>
    </ClCompile>
    <ClCompile Include="SSWELib\Renders\DepthOfField\CUIWindowEditDOF.cpp">
      <Filter>SSWELib\Renders\DepthOfField</Filter>
    </ClCompile>
    <ClCompile Include="SSWELib\GUIExtension\FileSelector\CGUIFileSelector.cpp">
      <Filter>SSWELib\GUIExtension\FileSelector</Filter>
    </ClCompile>
    <ClCompile Include="SSWELib\UserInterfaces\NodeFactory\TerrainPainting\CGrassPainter.cpp">
      <Filter>SSWELib\UserInterfaces\NodeFactory\TerrainPainting</Filter>
    </ClCompile>
    <ClCompile Include="SSWELib\UserInterfaces\NodeFactory\TerrainPainting\CUITerrainPainting.cpp">
      <Filter>SSWELib\UserInterfaces\NodeFactory\TerrainPainting</Filter>
    </ClCompile>
    <ClCompile Include="SSWELib\UserInterfaces\NodeFactory\TerrainPainting\CTerrainPainter.cpp">
      <Filter>SSWELib\UserInterfaces\NodeFactory\TerrainPainting</Filter>
    </ClCompile>
    <ClCompile Include="SSWELib\Device\Core\CRenderCore.cpp">
      <Filter>SSWELib\Device\Core</Filter>
    </ClCompile>
    <ClCompile Include="SSWELib\SceneNodes\TerrainSystem\CTerrainSystem.cpp">
      <Filter>SSWELib\SceneNodes\TerrainSystem</Filter>
    </ClCompile>
    <ClCompile Include="SSWELib\UserInterfaces\TexturesManager\CUITextureEditor.cpp">
      <Filter>SSWELib\UserInterfaces\TexturesManager</Filter>
    </ClCompile>
    <ClCompile Include="SSWELib\SceneNodes\Clouds\CloudSceneNode.cpp">
      <Filter>SSWELib\SceneNodes\Clouds</Filter>
    </ClCompile>
    <ClCompile Include="SSWELib\SceneNodes\Camera\CRiggedCamera.cpp">
      <Filter>SSWELib\SceneNodes\Camera</Filter>
    </ClCompile>
    <ClCompile Include="SSWELib\UserInterfaces\ParticlesEditor\CUIParticleEditor.cpp">
      <Filter>SSWELib\UserInterfaces\ParticlesEditor</Filter>
    </ClCompile>
    <ClCompile Include="SSWELib\UserInterfaces\ParticlesEditor\CUIParticlesEditor.cpp">
      <Filter>SSWELib\UserInterfaces\ParticlesEditor</Filter>
    </ClCompile>
    <ClCompile Include="SSWELib\GUIExtension\NodesEditor\CGUINode.cpp">
      <Filter>SSWELib\GUIExtension\NodesEditor</Filter>
    </ClCompile>
    <ClCompile Include="SSWELib\GUIExtension\NodesEditor\CGUINodesEditor.cpp">
      <Filter>SSWELib\GUIExtension\NodesEditor</Filter>
    </ClCompile>
    <ClCompile Include="SSWELib\SceneNodes\WaterSurface\RealisticWater.cpp">
      <Filter>SSWELib\SceneNodes\WaterSurface</Filter>
    </ClCompile>
    <ClCompile Include="SSWELib\Renders\XEffect\Interfaces\CUIWindowEditFilters.cpp">
      <Filter>SSWELib\Renders\XEffect\Interfaces</Filter>
    </ClCompile>
    <ClCompile Include="SSWELib\GUIExtension\FileLoader\CUIFileLoader.cpp">
      <Filter>SSWELib\GUIExtension\FileLoader</Filter>
    </ClCompile>
    <ClCompile Include="SSWELib\UserInterfaces\ParticlesEditor\CUIEditParticleFlags.cpp">
      <Filter>SSWELib\UserInterfaces\ParticlesEditor</Filter>
    </ClCompile>
    <ClCompile Include="SSWELib\UserInterfaces\ParticlesEditor\CUIEditParticleInterpolators.cpp">
      <Filter>SSWELib\UserInterfaces\ParticlesEditor</Filter>
    </ClCompile>
    <ClCompile Include="SSWELib\UserInterfaces\Radiosity\CUILightMapsCreator.cpp">
      <Filter>SSWELib\UserInterfaces\Radiosity</Filter>
    </ClCompile>
    <ClCompile Include="SSWELib\UserInterfaces\Radiosity\CUVTree.cpp">
      <Filter>SSWELib\UserInterfaces\Radiosity</Filter>
    </ClCompile>
    <ClCompile Include="SSWELib\UserInterfaces\Radiosity\mtrand.cpp">
      <Filter>SSWELib\UserInterfaces\Radiosity</Filter>
    </ClCompile>
    <ClCompile Include="SSWELib\UserInterfaces\ParticlesEditor\CUIParticlesEditZone.cpp">
      <Filter>SSWELib\UserInterfaces\ParticlesEditor</Filter>
    </ClCompile>
    <ClCompile Include="SSWELib\UserInterfaces\AnimatorsEditor\CameraScenarioMaker\CUICameraScenerioMaker.cpp">
      <Filter>SSWELib\UserInterfaces\AnimatorsEditor\CameraScenarioMaker</Filter>
    </ClCompile>
    <ClCompile Include="SSWELib\Renders\XEffect\Interfaces\CFilterCallback.cpp">
      <Filter>SSWELib\Renders\XEffect\Interfaces</Filter>
    </ClCompile>
  </ItemGroup>
  <ItemGroup>
    <ClInclude Include="SSWELib.h">
      <Filter>Misc\Fichiers d%27en-tête</Filter>
    </ClInclude>
    <ClInclude Include="stdafx.h">
      <Filter>Misc\Fichiers d%27en-tête</Filter>
    </ClInclude>
    <ClInclude Include="targetver.h">
      <Filter>Misc\Fichiers d%27en-tête</Filter>
    </ClInclude>
    <ClInclude Include="Resource.h">
      <Filter>Misc\Fichiers d%27en-tête</Filter>
    </ClInclude>
    <ClInclude Include="SSWELib\CharacterEdition\CAction.h">
      <Filter>SSWELib\CharacterEdition</Filter>
    </ClInclude>
    <ClInclude Include="SSWELib\CharacterEdition\CUICharacterWindow.h">
      <Filter>SSWELib\CharacterEdition</Filter>
    </ClInclude>
    <ClInclude Include="SSWELib\CharacterEdition\CUIEditBones.h">
      <Filter>SSWELib\CharacterEdition</Filter>
    </ClInclude>
    <ClInclude Include="SSWELib\CharacterEdition\ManualAnimation\CAnimation.h">
      <Filter>SSWELib\CharacterEdition\ManualAnimation</Filter>
    </ClInclude>
    <ClInclude Include="SSWELib\CharacterEdition\ManualAnimation\CFrame.h">
      <Filter>SSWELib\CharacterEdition\ManualAnimation</Filter>
    </ClInclude>
    <ClInclude Include="SSWELib\CharacterEdition\ManualAnimation\CManualAction.h">
      <Filter>SSWELib\CharacterEdition\ManualAnimation</Filter>
    </ClInclude>
    <ClInclude Include="SSWELib\Device\Core\Scripting\CFileSystemScripting.h">
      <Filter>SSWELib\Device\Core\Scripting</Filter>
    </ClInclude>
    <ClInclude Include="SSWELib\Device\Core\Scripting\CLuaBinds.h">
      <Filter>SSWELib\Device\Core\Scripting</Filter>
    </ClInclude>
    <ClInclude Include="SSWELib\Device\Core\Scripting\CSceneScripting.h">
      <Filter>SSWELib\Device\Core\Scripting</Filter>
    </ClInclude>
    <ClInclude Include="SSWELib\Device\Core\Scripting\CUIScriptEditor.h">
      <Filter>SSWELib\Device\Core\Scripting</Filter>
    </ClInclude>
    <ClInclude Include="SSWELib\Device\Core\CCoreUserInterface.h">
      <Filter>SSWELib\Device\Core</Filter>
    </ClInclude>
    <ClInclude Include="SSWELib\Device\CDevices.h">
      <Filter>SSWELib\Device</Filter>
    </ClInclude>
    <ClInclude Include="SSWELib\GUIExtension\CodeEditor\CGUICodeEditor.h">
      <Filter>SSWELib\GUIExtension\CodeEditor</Filter>
    </ClInclude>
    <ClInclude Include="SSWELib\GUIExtension\Graph2D\GraphKat.h">
      <Filter>SSWELib\GUIExtension\Graph2D</Filter>
    </ClInclude>
    <ClInclude Include="SSWELib\GUIExtension\ProgressBar\ProgressBar.h">
      <Filter>SSWELib\GUIExtension\ProgressBar</Filter>
    </ClInclude>
    <ClInclude Include="SSWELib\GUIExtension\ViewPort\CGUIViewPort.h">
      <Filter>SSWELib\GUIExtension\ViewPort</Filter>
    </ClInclude>
    <ClInclude Include="SSWELib\GUIExtension\ViewPort\IGUIViewPort.h">
      <Filter>SSWELib\GUIExtension\ViewPort</Filter>
    </ClInclude>
    <ClInclude Include="SSWELib\Renders\XEffect\Interfaces\CShaderCallback.h">
      <Filter>SSWELib\Renders\XEffect\Interfaces</Filter>
    </ClInclude>
    <ClInclude Include="SSWELib\Renders\XEffect\Interfaces\CUIWindowEditMaterials.h">
      <Filter>SSWELib\Renders\XEffect\Interfaces</Filter>
    </ClInclude>
    <ClInclude Include="SSWELib\Renders\XEffect\Interfaces\CUIWindowEditMaterialsCallback.h">
      <Filter>SSWELib\Renders\XEffect\Interfaces</Filter>
    </ClInclude>
    <ClInclude Include="SSWELib\SceneNodes\LensFlareSceneNode.h">
      <Filter>SSWELib\SceneNodes</Filter>
    </ClInclude>
    <ClInclude Include="SSWELib\SceneNodes\SceneNodeAnimatorFollowCamera.h">
      <Filter>SSWELib\SceneNodes</Filter>
    </ClInclude>
    <ClInclude Include="SSWELib\SceneNodes\WaterSurface\CWaterSurface.h">
      <Filter>SSWELib\SceneNodes\WaterSurface</Filter>
    </ClInclude>
    <ClInclude Include="SSWELib\SceneNodes\Camera\CSceneNodeAnimatorCameraUpVector.h">
      <Filter>SSWELib\SceneNodes\Camera</Filter>
    </ClInclude>
    <ClInclude Include="SSWELib\SceneNodes\Animators\CRotationAnimator.h">
      <Filter>SSWELib\SceneNodes\Animators</Filter>
    </ClInclude>
    <ClInclude Include="SSWELib\SceneNodes\Animators\ISceneNodeAnimatorFinishing.h">
      <Filter>SSWELib\SceneNodes\Animators</Filter>
    </ClInclude>
    <ClInclude Include="SSWELib\Scenes\CExporter.h">
      <Filter>SSWELib\Scenes</Filter>
    </ClInclude>
    <ClInclude Include="SSWELib\Scenes\CImporter.h">
      <Filter>SSWELib\Scenes</Filter>
    </ClInclude>
    <ClInclude Include="SSWELib\UserInterfaces\CUILoadNodesGroup.h">
      <Filter>SSWELib\UserInterfaces</Filter>
    </ClInclude>
    <ClInclude Include="SSWELib\UserInterfaces\CUIRenderingInfos.h">
      <Filter>SSWELib\UserInterfaces</Filter>
    </ClInclude>
    <ClInclude Include="SSWELib\UserInterfaces\CUIRightSceneTreeView.h">
      <Filter>SSWELib\UserInterfaces</Filter>
    </ClInclude>
    <ClInclude Include="SSWELib\UserInterfaces\CUISceneView.h">
      <Filter>SSWELib\UserInterfaces</Filter>
    </ClInclude>
    <ClInclude Include="SSWELib\UserInterfaces\CUIWindowEditGrid.h">
      <Filter>SSWELib\UserInterfaces</Filter>
    </ClInclude>
    <ClInclude Include="SSWELib\UserInterfaces\CUIWindowEditLight.h">
      <Filter>SSWELib\UserInterfaces</Filter>
    </ClInclude>
    <ClInclude Include="SSWELib\UserInterfaces\CUIWindowEditNode.h">
      <Filter>SSWELib\UserInterfaces</Filter>
    </ClInclude>
    <ClInclude Include="SSWELib\UserInterfaces\CUIWindowEditVolumeLight.h">
      <Filter>SSWELib\UserInterfaces</Filter>
    </ClInclude>
    <ClInclude Include="SSWELib\UserInterfaces\CUIWindowEditWater.h">
      <Filter>SSWELib\UserInterfaces</Filter>
    </ClInclude>
    <ClInclude Include="SSWELib\UserInterfaces\CUIWindowExportScene.h">
      <Filter>SSWELib\UserInterfaces</Filter>
    </ClInclude>
    <ClInclude Include="SSWELib\UserInterfaces\CUIWindowOpenScene.h">
      <Filter>SSWELib\UserInterfaces</Filter>
    </ClInclude>
    <ClInclude Include="SSWELib\UserInterfaces\CUIWindowsManager.h">
      <Filter>SSWELib\UserInterfaces</Filter>
    </ClInclude>
    <ClInclude Include="SSWELib\UserInterfaces\UIContextMenu.h">
      <Filter>SSWELib\UserInterfaces</Filter>
    </ClInclude>
    <ClInclude Include="SSWELib\UserInterfaces\UIWindowRender.h">
      <Filter>SSWELib\UserInterfaces</Filter>
    </ClInclude>
    <ClInclude Include="SSWELib\UserInterfaces\AnimatorsEditor\CUIWindowEditNodeAnimators.h">
      <Filter>SSWELib\UserInterfaces\AnimatorsEditor</Filter>
    </ClInclude>
    <ClInclude Include="SSWELib\UserInterfaces\CodeEditor\CUICodeEditor.h">
      <Filter>SSWELib\UserInterfaces\CodeEditor</Filter>
    </ClInclude>
    <ClInclude Include="SSWELib\UserInterfaces\MainWindow\CUIWindowAddLight.h">
      <Filter>SSWELib\UserInterfaces\MainWindow</Filter>
    </ClInclude>
    <ClInclude Include="SSWELib\UserInterfaces\MainWindow\CUIWindowAddObject.h">
      <Filter>SSWELib\UserInterfaces\MainWindow</Filter>
    </ClInclude>
    <ClInclude Include="SSWELib\UserInterfaces\MainWindow\CUIWindowAddTerrain.h">
      <Filter>SSWELib\UserInterfaces\MainWindow</Filter>
    </ClInclude>
    <ClInclude Include="SSWELib\UserInterfaces\MainWindow\CUIWindowAddTree.h">
      <Filter>SSWELib\UserInterfaces\MainWindow</Filter>
    </ClInclude>
    <ClInclude Include="SSWELib\UserInterfaces\MainWindow\CUIWindowAddVolumeLight.h">
      <Filter>SSWELib\UserInterfaces\MainWindow</Filter>
    </ClInclude>
    <ClInclude Include="SSWELib\UserInterfaces\MainWindow\CUIWindowAddWatersSurface.h">
      <Filter>SSWELib\UserInterfaces\MainWindow</Filter>
    </ClInclude>
    <ClInclude Include="SSWELib\UserInterfaces\MainWindow\UIMainWindow.h">
      <Filter>SSWELib\UserInterfaces\MainWindow</Filter>
    </ClInclude>
    <ClInclude Include="SSWELib\UserInterfaces\MaterialEditor\General\CUIMaterialEditorColors.h">
      <Filter>SSWELib\UserInterfaces\MaterialEditor\General</Filter>
    </ClInclude>
    <ClInclude Include="SSWELib\UserInterfaces\MaterialEditor\General\CUIMaterialEditorFlags.h">
      <Filter>SSWELib\UserInterfaces\MaterialEditor\General</Filter>
    </ClInclude>
    <ClInclude Include="SSWELib\UserInterfaces\MaterialEditor\General\CUIMaterialEditorTextures.h">
      <Filter>SSWELib\UserInterfaces\MaterialEditor\General</Filter>
    </ClInclude>
    <ClInclude Include="SSWELib\UserInterfaces\MaterialEditor\CMaterialEditorFactory.h">
      <Filter>SSWELib\UserInterfaces\MaterialEditor</Filter>
    </ClInclude>
    <ClInclude Include="SSWELib\UserInterfaces\MaterialEditor\CUIMaterialEditor.h">
      <Filter>SSWELib\UserInterfaces\MaterialEditor</Filter>
    </ClInclude>
    <ClInclude Include="SSWELib\UserInterfaces\NodeFactory\CUINodeFactoryCreateMeshWithTangents.h">
      <Filter>SSWELib\UserInterfaces\NodeFactory</Filter>
    </ClInclude>
    <ClInclude Include="SSWELib\UserInterfaces\NodeFactory\CUINodeFactoryPlanarMapping.h">
      <Filter>SSWELib\UserInterfaces\NodeFactory</Filter>
    </ClInclude>
    <ClInclude Include="SSWELib\UserInterfaces\ProcessesLogger\CProcess.h">
      <Filter>SSWELib\UserInterfaces\ProcessesLogger</Filter>
    </ClInclude>
    <ClInclude Include="SSWELib\UserInterfaces\ProcessesLogger\CUIProcessesLogger.h">
      <Filter>SSWELib\UserInterfaces\ProcessesLogger</Filter>
    </ClInclude>
    <ClInclude Include="SSWELib\UserInterfaces\TexturesManager\CUITexturesManager.h">
      <Filter>SSWELib\UserInterfaces\TexturesManager</Filter>
    </ClInclude>
    <ClInclude Include="SSWELib\UserInterfaces\NodeFactory\CNodeFactory.h">
      <Filter>SSWELib\UserInterfaces\NodeFactory</Filter>
    </ClInclude>
    <ClInclude Include="SSWELib\Device\Monitor\MonitorRegister.h">
      <Filter>SSWELib\Device\Monitor</Filter>
    </ClInclude>
    <ClInclude Include="SSWELib\UserInterfaces\PluginsManager\CUIPluginsManager.h">
      <Filter>SSWELib\UserInterfaces\PluginsManager</Filter>
    </ClInclude>
    <ClInclude Include="SSWELib\UserInterfaces\PluginsManager\CPluginsManager.h">
      <Filter>SSWELib\UserInterfaces\PluginsManager</Filter>
    </ClInclude>
    <ClInclude Include="SSWELib\UserInterfaces\AnimatorsEditor\CUIEditFPSCamera.h">
      <Filter>SSWELib\UserInterfaces\AnimatorsEditor</Filter>
    </ClInclude>
    <ClInclude Include="include\DLLExport.h">
      <Filter>include</Filter>
    </ClInclude>
    <ClInclude Include="include\IMonitor.h">
      <Filter>include</Filter>
    </ClInclude>
    <ClInclude Include="include\IMonitorRegisterer.h">
      <Filter>include</Filter>
    </ClInclude>
    <ClInclude Include="include\ITool.h">
      <Filter>include</Filter>
    </ClInclude>
    <ClInclude Include="SSWELib\UserInterfaces\Options\CUISSWEOptions.h">
      <Filter>SSWELib\UserInterfaces\Options</Filter>
    </ClInclude>
    <ClInclude Include="SSWELib\SceneNodes\Terrains\CTerrain.h">
      <Filter>SSWELib\SceneNodes\Terrains</Filter>
    </ClInclude>
    <ClInclude Include="SSWELib\SceneNodes\Terrains\CTerrainPager.h">
      <Filter>SSWELib\SceneNodes\Terrains</Filter>
    </ClInclude>
    <ClInclude Include="include\IGraphicTool.h">
      <Filter>include</Filter>
    </ClInclude>
    <ClInclude Include="SSWELib\UserInterfaces\NodeFactory\CUIWindowAddNewTerrain.h">
      <Filter>SSWELib\UserInterfaces\NodeFactory</Filter>
    </ClInclude>
    <ClInclude Include="SSWELib\Renders\DepthOfField\CUIWindowEditDOF.h">
      <Filter>SSWELib\Renders\DepthOfField</Filter>
    </ClInclude>
    <ClInclude Include="SSWELib\GUIExtension\FileSelector\CGUIFileSelector.h">
      <Filter>SSWELib\GUIExtension\FileSelector</Filter>
    </ClInclude>
    <ClInclude Include="SSWELib\UserInterfaces\NodeFactory\TerrainPainting\CGrassPainter.h">
      <Filter>SSWELib\UserInterfaces\NodeFactory\TerrainPainting</Filter>
    </ClInclude>
    <ClInclude Include="SSWELib\UserInterfaces\NodeFactory\TerrainPainting\CUITerrainPainting.h">
      <Filter>SSWELib\UserInterfaces\NodeFactory\TerrainPainting</Filter>
    </ClInclude>
    <ClInclude Include="SSWELib\UserInterfaces\NodeFactory\TerrainPainting\CTerrainPainter.h">
      <Filter>SSWELib\UserInterfaces\NodeFactory\TerrainPainting</Filter>
    </ClInclude>
    <ClInclude Include="SSWELib\Device\Core\CRenderCore.h">
      <Filter>SSWELib\Device\Core</Filter>
    </ClInclude>
    <ClInclude Include="SSWELib\SceneNodes\TerrainSystem\CTerrainSystem.h">
      <Filter>SSWELib\SceneNodes\TerrainSystem</Filter>
    </ClInclude>
    <ClInclude Include="SSWELib\UserInterfaces\TexturesManager\CUITextureEditor.h">
      <Filter>SSWELib\UserInterfaces\TexturesManager</Filter>
    </ClInclude>
    <ClInclude Include="SSWELib\SceneNodes\Clouds\CloudSceneNode.h">
      <Filter>SSWELib\SceneNodes\Clouds</Filter>
    </ClInclude>
    <ClInclude Include="SSWELib\SceneNodes\Camera\CRiggedCamera.h">
      <Filter>SSWELib\SceneNodes\Camera</Filter>
    </ClInclude>
    <ClInclude Include="include\IDevices.h">
      <Filter>include</Filter>
    </ClInclude>
    <ClInclude Include="include\ISSWELibPlugin.h">
      <Filter>include</Filter>
    </ClInclude>
    <ClInclude Include="SSWELib\UserInterfaces\ParticlesEditor\CUIParticleEditor.h">
      <Filter>SSWELib\UserInterfaces\ParticlesEditor</Filter>
    </ClInclude>
    <ClInclude Include="SSWELib\UserInterfaces\ParticlesEditor\CUIParticlesEditor.h">
      <Filter>SSWELib\UserInterfaces\ParticlesEditor</Filter>
    </ClInclude>
    <ClInclude Include="SSWELib\GUIExtension\NodesEditor\CGUINode.h">
      <Filter>SSWELib\GUIExtension\NodesEditor</Filter>
    </ClInclude>
    <ClInclude Include="SSWELib\GUIExtension\NodesEditor\CGUINodesEditor.h">
      <Filter>SSWELib\GUIExtension\NodesEditor</Filter>
    </ClInclude>
    <ClInclude Include="SSWELib\SceneNodes\WaterSurface\RealisticWater.h">
      <Filter>SSWELib\SceneNodes\WaterSurface</Filter>
    </ClInclude>
    <ClInclude Include="include\ICollisionManager.h">
      <Filter>include</Filter>
    </ClInclude>
    <ClInclude Include="include\ISSWECore.h">
      <Filter>include</Filter>
    </ClInclude>
    <ClInclude Include="include\ISSWECoreData.h">
      <Filter>include</Filter>
    </ClInclude>
    <ClInclude Include="include\ISSWEEvents.h">
      <Filter>include</Filter>
    </ClInclude>
    <ClInclude Include="SSWELib\Renders\XEffect\Interfaces\CUIWindowEditFilters.h">
      <Filter>SSWELib\Renders\XEffect\Interfaces</Filter>
    </ClInclude>
    <ClInclude Include="include\ISSWERender.h">
      <Filter>include</Filter>
    </ClInclude>
    <ClInclude Include="SSWELib\GUIExtension\FileLoader\CUIFileLoader.h">
      <Filter>SSWELib\GUIExtension\FileLoader</Filter>
    </ClInclude>
    <ClInclude Include="SSWELib\UserInterfaces\ParticlesEditor\CUIEditParticleFlags.h">
      <Filter>SSWELib\UserInterfaces\ParticlesEditor</Filter>
    </ClInclude>
    <ClInclude Include="include\ISSWEShaderCallback.h">
      <Filter>include</Filter>
    </ClInclude>
    <ClInclude Include="SSWELib\UserInterfaces\ParticlesEditor\CUIEditParticleInterpolators.h">
      <Filter>SSWELib\UserInterfaces\ParticlesEditor</Filter>
    </ClInclude>
    <ClInclude Include="SSWELib\UserInterfaces\Radiosity\CUILightMapsCreator.h">
      <Filter>SSWELib\UserInterfaces\Radiosity</Filter>
    </ClInclude>
    <ClInclude Include="SSWELib\UserInterfaces\Radiosity\CUVTree.h">
      <Filter>SSWELib\UserInterfaces\Radiosity</Filter>
    </ClInclude>
    <ClInclude Include="SSWELib\UserInterfaces\Radiosity\mtrand.h">
      <Filter>SSWELib\UserInterfaces\Radiosity</Filter>
    </ClInclude>
    <ClInclude Include="SSWELib\UserInterfaces\Radiosity\types.h">
      <Filter>SSWELib\UserInterfaces\Radiosity</Filter>
    </ClInclude>
    <ClInclude Include="SSWELib\UserInterfaces\Radiosity\CRadiosityGenerator.h">
      <Filter>SSWELib\UserInterfaces\Radiosity</Filter>
    </ClInclude>
    <ClInclude Include="SSWELib\UserInterfaces\ParticlesEditor\CUIParticlesEditZone.h">
      <Filter>SSWELib\UserInterfaces\ParticlesEditor</Filter>
    </ClInclude>
    <ClInclude Include="SSWELib\UserInterfaces\AnimatorsEditor\CameraScenarioMaker\CUICameraScenerioMaker.h">
      <Filter>SSWELib\UserInterfaces\AnimatorsEditor\CameraScenarioMaker</Filter>
    </ClInclude>
    <ClInclude Include="include\IGUICodeEditor.h">
      <Filter>include</Filter>
    </ClInclude>
    <ClInclude Include="include\ISSWEImporter.h">
      <Filter>include</Filter>
    </ClInclude>
    <ClInclude Include="include\ISSWECoreUserInterface.h">
      <Filter>include</Filter>
    </ClInclude>
    <ClInclude Include="SSWELib\Renders\XEffect\Interfaces\CFilterCallback.h">
      <Filter>SSWELib\Renders\XEffect\Interfaces</Filter>
    </ClInclude>
  </ItemGroup>
  <ItemGroup>
    <None Include="SSWELib.def">
      <Filter>Misc\Fichiers sources</Filter>
    </None>
    <None Include="res\SSWELib.rc2">
      <Filter>Misc\Fichiers de ressources</Filter>
    </None>
  </ItemGroup>
  <ItemGroup>
    <ResourceCompile Include="SSWELib.rc">
      <Filter>Misc\Fichiers de ressources</Filter>
    </ResourceCompile>
  </ItemGroup>
  <ItemGroup>
    <Text Include="ReadMe.txt">
      <Filter>Misc</Filter>
    </Text>
  </ItemGroup>
</Project>