// !$*UTF8*$!
{
	archiveVersion = 1;
	classes = {
	};
	objectVersion = 46;
	objects = {

/* Begin PBXBuildFile section */
		2E276B6617FAAE8D00FC7F1B /* CCollisionManager.cpp in Sources */ = {isa = PBXBuildFile; fileRef = 2E276B5117FAAE8D00FC7F1B /* CCollisionManager.cpp */; };
		2E276B6717FAAE8D00FC7F1B /* CCollisionManager.h in Headers */ = {isa = PBXBuildFile; fileRef = 2E276B5217FAAE8D00FC7F1B /* CCollisionManager.h */; };
		2E276B6817FAAE8D00FC7F1B /* CCore.cpp in Sources */ = {isa = PBXBuildFile; fileRef = 2E276B5417FAAE8D00FC7F1B /* CCore.cpp */; };
		2E276B6917FAAE8D00FC7F1B /* CCore.h in Headers */ = {isa = PBXBuildFile; fileRef = 2E276B5517FAAE8D00FC7F1B /* CCore.h */; };
		2E276B6A17FAAE8D00FC7F1B /* CCoreData.cpp in Sources */ = {isa = PBXBuildFile; fileRef = 2E276B5617FAAE8D00FC7F1B /* CCoreData.cpp */; };
		2E276B6B17FAAE8D00FC7F1B /* CCoreData.h in Headers */ = {isa = PBXBuildFile; fileRef = 2E276B5717FAAE8D00FC7F1B /* CCoreData.h */; };
		2E276B6C17FAAE8D00FC7F1B /* CCoreObjectPlacement.cpp in Sources */ = {isa = PBXBuildFile; fileRef = 2E276B5817FAAE8D00FC7F1B /* CCoreObjectPlacement.cpp */; };
		2E276B6D17FAAE8D00FC7F1B /* CCoreObjectPlacement.h in Headers */ = {isa = PBXBuildFile; fileRef = 2E276B5917FAAE8D00FC7F1B /* CCoreObjectPlacement.h */; };
		2E276B6E17FAAE8D00FC7F1B /* CCorePhysics.cpp in Sources */ = {isa = PBXBuildFile; fileRef = 2E276B5A17FAAE8D00FC7F1B /* CCorePhysics.cpp */; };
		2E276B6F17FAAE8D00FC7F1B /* CCorePhysics.h in Headers */ = {isa = PBXBuildFile; fileRef = 2E276B5B17FAAE8D00FC7F1B /* CCorePhysics.h */; };
		2E276B7017FAAE8D00FC7F1B /* CBatchingMesh.cpp in Sources */ = {isa = PBXBuildFile; fileRef = 2E276B5D17FAAE8D00FC7F1B /* CBatchingMesh.cpp */; };
		2E276B7117FAAE8D00FC7F1B /* CBatchingMesh.h in Headers */ = {isa = PBXBuildFile; fileRef = 2E276B5E17FAAE8D00FC7F1B /* CBatchingMesh.h */; };
		2E276B7217FAAE8D00FC7F1B /* DecalManager.cpp in Sources */ = {isa = PBXBuildFile; fileRef = 2E276B5F17FAAE8D00FC7F1B /* DecalManager.cpp */; };
		2E276B7317FAAE8D00FC7F1B /* DecalManager.h in Headers */ = {isa = PBXBuildFile; fileRef = 2E276B6017FAAE8D00FC7F1B /* DecalManager.h */; };
		2E276B7417FAAE8D00FC7F1B /* DecalSceneNode.cpp in Sources */ = {isa = PBXBuildFile; fileRef = 2E276B6117FAAE8D00FC7F1B /* DecalSceneNode.cpp */; };
		2E276B7517FAAE8D00FC7F1B /* DecalSceneNode.h in Headers */ = {isa = PBXBuildFile; fileRef = 2E276B6217FAAE8D00FC7F1B /* DecalSceneNode.h */; };
		2E276B7617FAAE8D00FC7F1B /* CGridSceneNode.cpp in Sources */ = {isa = PBXBuildFile; fileRef = 2E276B6417FAAE8D00FC7F1B /* CGridSceneNode.cpp */; };
		2E276B7717FAAE8D00FC7F1B /* CGridSceneNode.h in Headers */ = {isa = PBXBuildFile; fileRef = 2E276B6517FAAE8D00FC7F1B /* CGridSceneNode.h */; };
		2E276B7C17FAAE9900FC7F1B /* SSWECore.cpp in Sources */ = {isa = PBXBuildFile; fileRef = 2E276B7817FAAE9900FC7F1B /* SSWECore.cpp */; };
		2E276B7D17FAAE9900FC7F1B /* SSWECore.h in Headers */ = {isa = PBXBuildFile; fileRef = 2E276B7917FAAE9900FC7F1B /* SSWECore.h */; };
		2E276B7E17FAAE9900FC7F1B /* stdafx.cpp in Sources */ = {isa = PBXBuildFile; fileRef = 2E276B7A17FAAE9900FC7F1B /* stdafx.cpp */; };
		2E276B7F17FAAE9900FC7F1B /* stdafx.h in Headers */ = {isa = PBXBuildFile; fileRef = 2E276B7B17FAAE9900FC7F1B /* stdafx.h */; };
		2E276B8317FAB17C00FC7F1B /* libSSWERenders.a in Frameworks */ = {isa = PBXBuildFile; fileRef = 2E276B8217FAB17C00FC7F1B /* libSSWERenders.a */; };
		2E4BEF2817FCBA310068AEA6 /* libIrrlicht.a in Frameworks */ = {isa = PBXBuildFile; fileRef = 2E4BEF2717FCBA310068AEA6 /* libIrrlicht.a */; };
/* End PBXBuildFile section */

/* Begin PBXFileReference section */
		2E276B4317FAAE7300FC7F1B /* libSSWECore.a */ = {isa = PBXFileReference; explicitFileType = archive.ar; includeInIndex = 0; path = libSSWECore.a; sourceTree = BUILT_PRODUCTS_DIR; };
		2E276B5117FAAE8D00FC7F1B /* CCollisionManager.cpp */ = {isa = PBXFileReference; fileEncoding = 4; lastKnownFileType = sourcecode.cpp.cpp; name = CCollisionManager.cpp; path = ../../SSWECore/SSWECore/CCollisionManager.cpp; sourceTree = "<group>"; };
		2E276B5217FAAE8D00FC7F1B /* CCollisionManager.h */ = {isa = PBXFileReference; fileEncoding = 4; lastKnownFileType = sourcecode.c.h; name = CCollisionManager.h; path = ../../SSWECore/SSWECore/CCollisionManager.h; sourceTree = "<group>"; };
		2E276B5417FAAE8D00FC7F1B /* CCore.cpp */ = {isa = PBXFileReference; fileEncoding = 4; lastKnownFileType = sourcecode.cpp.cpp; path = CCore.cpp; sourceTree = "<group>"; };
		2E276B5517FAAE8D00FC7F1B /* CCore.h */ = {isa = PBXFileReference; fileEncoding = 4; lastKnownFileType = sourcecode.c.h; path = CCore.h; sourceTree = "<group>"; };
		2E276B5617FAAE8D00FC7F1B /* CCoreData.cpp */ = {isa = PBXFileReference; fileEncoding = 4; lastKnownFileType = sourcecode.cpp.cpp; path = CCoreData.cpp; sourceTree = "<group>"; };
		2E276B5717FAAE8D00FC7F1B /* CCoreData.h */ = {isa = PBXFileReference; fileEncoding = 4; lastKnownFileType = sourcecode.c.h; path = CCoreData.h; sourceTree = "<group>"; };
		2E276B5817FAAE8D00FC7F1B /* CCoreObjectPlacement.cpp */ = {isa = PBXFileReference; fileEncoding = 4; lastKnownFileType = sourcecode.cpp.cpp; path = CCoreObjectPlacement.cpp; sourceTree = "<group>"; };
		2E276B5917FAAE8D00FC7F1B /* CCoreObjectPlacement.h */ = {isa = PBXFileReference; fileEncoding = 4; lastKnownFileType = sourcecode.c.h; path = CCoreObjectPlacement.h; sourceTree = "<group>"; };
		2E276B5A17FAAE8D00FC7F1B /* CCorePhysics.cpp */ = {isa = PBXFileReference; fileEncoding = 4; lastKnownFileType = sourcecode.cpp.cpp; path = CCorePhysics.cpp; sourceTree = "<group>"; };
		2E276B5B17FAAE8D00FC7F1B /* CCorePhysics.h */ = {isa = PBXFileReference; fileEncoding = 4; lastKnownFileType = sourcecode.c.h; path = CCorePhysics.h; sourceTree = "<group>"; };
		2E276B5D17FAAE8D00FC7F1B /* CBatchingMesh.cpp */ = {isa = PBXFileReference; fileEncoding = 4; lastKnownFileType = sourcecode.cpp.cpp; path = CBatchingMesh.cpp; sourceTree = "<group>"; };
		2E276B5E17FAAE8D00FC7F1B /* CBatchingMesh.h */ = {isa = PBXFileReference; fileEncoding = 4; lastKnownFileType = sourcecode.c.h; path = CBatchingMesh.h; sourceTree = "<group>"; };
		2E276B5F17FAAE8D00FC7F1B /* DecalManager.cpp */ = {isa = PBXFileReference; fileEncoding = 4; lastKnownFileType = sourcecode.cpp.cpp; path = DecalManager.cpp; sourceTree = "<group>"; };
		2E276B6017FAAE8D00FC7F1B /* DecalManager.h */ = {isa = PBXFileReference; fileEncoding = 4; lastKnownFileType = sourcecode.c.h; path = DecalManager.h; sourceTree = "<group>"; };
		2E276B6117FAAE8D00FC7F1B /* DecalSceneNode.cpp */ = {isa = PBXFileReference; fileEncoding = 4; lastKnownFileType = sourcecode.cpp.cpp; path = DecalSceneNode.cpp; sourceTree = "<group>"; };
		2E276B6217FAAE8D00FC7F1B /* DecalSceneNode.h */ = {isa = PBXFileReference; fileEncoding = 4; lastKnownFileType = sourcecode.c.h; path = DecalSceneNode.h; sourceTree = "<group>"; };
		2E276B6417FAAE8D00FC7F1B /* CGridSceneNode.cpp */ = {isa = PBXFileReference; fileEncoding = 4; lastKnownFileType = sourcecode.cpp.cpp; path = CGridSceneNode.cpp; sourceTree = "<group>"; };
		2E276B6517FAAE8D00FC7F1B /* CGridSceneNode.h */ = {isa = PBXFileReference; fileEncoding = 4; lastKnownFileType = sourcecode.c.h; path = CGridSceneNode.h; sourceTree = "<group>"; };
		2E276B7817FAAE9900FC7F1B /* SSWECore.cpp */ = {isa = PBXFileReference; fileEncoding = 4; lastKnownFileType = sourcecode.cpp.cpp; name = SSWECore.cpp; path = ../../SSWECore/SSWECore.cpp; sourceTree = "<group>"; };
		2E276B7917FAAE9900FC7F1B /* SSWECore.h */ = {isa = PBXFileReference; fileEncoding = 4; lastKnownFileType = sourcecode.c.h; name = SSWECore.h; path = ../../SSWECore/SSWECore.h; sourceTree = "<group>"; };
		2E276B7A17FAAE9900FC7F1B /* stdafx.cpp */ = {isa = PBXFileReference; fileEncoding = 4; lastKnownFileType = sourcecode.cpp.cpp; name = stdafx.cpp; path = ../../SSWECore/stdafx.cpp; sourceTree = "<group>"; };
		2E276B7B17FAAE9900FC7F1B /* stdafx.h */ = {isa = PBXFileReference; fileEncoding = 4; lastKnownFileType = sourcecode.c.h; name = stdafx.h; path = ../../SSWECore/stdafx.h; sourceTree = "<group>"; };
		2E276B8217FAB17C00FC7F1B /* libSSWERenders.a */ = {isa = PBXFileReference; lastKnownFileType = archive.ar; name = libSSWERenders.a; path = ../SSWERenders/build/Debug/libSSWERenders.a; sourceTree = "<group>"; };
		2E4BEF2717FCBA310068AEA6 /* libIrrlicht.a */ = {isa = PBXFileReference; lastKnownFileType = archive.ar; name = libIrrlicht.a; path = ../../Irrlicht/Irrlicht180_MacOSX_Issue/Sources/MacOSX/build/Debug/libIrrlicht.a; sourceTree = "<group>"; };
		2EFCC3DB17FB78DF00000709 /* IrrFramework.framework */ = {isa = PBXFileReference; lastKnownFileType = wrapper.framework; name = IrrFramework.framework; path = ../../Irrlicht/Irrlicht180_MacOSX_Issue/Sources/MacOSX/build/Debug/IrrFramework.framework; sourceTree = "<group>"; };
/* End PBXFileReference section */

/* Begin PBXFrameworksBuildPhase section */
		2E276B4017FAAE7300FC7F1B /* Frameworks */ = {
			isa = PBXFrameworksBuildPhase;
			buildActionMask = 2147483647;
			files = (
				2E4BEF2817FCBA310068AEA6 /* libIrrlicht.a in Frameworks */,
				2E276B8317FAB17C00FC7F1B /* libSSWERenders.a in Frameworks */,
			);
			runOnlyForDeploymentPostprocessing = 0;
		};
/* End PBXFrameworksBuildPhase section */

/* Begin PBXGroup section */
		2E276B3A17FAAE7300FC7F1B = {
			isa = PBXGroup;
			children = (
				2E4BEF2717FCBA310068AEA6 /* libIrrlicht.a */,
				2EFCC3DB17FB78DF00000709 /* IrrFramework.framework */,
				2E276B8217FAB17C00FC7F1B /* libSSWERenders.a */,
				2E276B7817FAAE9900FC7F1B /* SSWECore.cpp */,
				2E276B7917FAAE9900FC7F1B /* SSWECore.h */,
				2E276B7A17FAAE9900FC7F1B /* stdafx.cpp */,
				2E276B7B17FAAE9900FC7F1B /* stdafx.h */,
				2E276B5017FAAE7B00FC7F1B /* SSWECore */,
				2E276B4417FAAE7300FC7F1B /* Products */,
			);
			sourceTree = "<group>";
		};
		2E276B4417FAAE7300FC7F1B /* Products */ = {
			isa = PBXGroup;
			children = (
				2E276B4317FAAE7300FC7F1B /* libSSWECore.a */,
			);
			name = Products;
			sourceTree = "<group>";
		};
		2E276B5017FAAE7B00FC7F1B /* SSWECore */ = {
			isa = PBXGroup;
			children = (
				2E276B5117FAAE8D00FC7F1B /* CCollisionManager.cpp */,
				2E276B5217FAAE8D00FC7F1B /* CCollisionManager.h */,
				2E276B5317FAAE8D00FC7F1B /* Core */,
				2E276B5C17FAAE8D00FC7F1B /* DecaleSystem */,
				2E276B6317FAAE8D00FC7F1B /* SceneNodes */,
			);
			name = SSWECore;
			sourceTree = "<group>";
		};
		2E276B5317FAAE8D00FC7F1B /* Core */ = {
			isa = PBXGroup;
			children = (
				2E276B5417FAAE8D00FC7F1B /* CCore.cpp */,
				2E276B5517FAAE8D00FC7F1B /* CCore.h */,
				2E276B5617FAAE8D00FC7F1B /* CCoreData.cpp */,
				2E276B5717FAAE8D00FC7F1B /* CCoreData.h */,
				2E276B5817FAAE8D00FC7F1B /* CCoreObjectPlacement.cpp */,
				2E276B5917FAAE8D00FC7F1B /* CCoreObjectPlacement.h */,
				2E276B5A17FAAE8D00FC7F1B /* CCorePhysics.cpp */,
				2E276B5B17FAAE8D00FC7F1B /* CCorePhysics.h */,
			);
			name = Core;
			path = ../../SSWECore/SSWECore/Core;
			sourceTree = "<group>";
		};
		2E276B5C17FAAE8D00FC7F1B /* DecaleSystem */ = {
			isa = PBXGroup;
			children = (
				2E276B5D17FAAE8D00FC7F1B /* CBatchingMesh.cpp */,
				2E276B5E17FAAE8D00FC7F1B /* CBatchingMesh.h */,
				2E276B5F17FAAE8D00FC7F1B /* DecalManager.cpp */,
				2E276B6017FAAE8D00FC7F1B /* DecalManager.h */,
				2E276B6117FAAE8D00FC7F1B /* DecalSceneNode.cpp */,
				2E276B6217FAAE8D00FC7F1B /* DecalSceneNode.h */,
			);
			name = DecaleSystem;
			path = ../../SSWECore/SSWECore/DecaleSystem;
			sourceTree = "<group>";
		};
		2E276B6317FAAE8D00FC7F1B /* SceneNodes */ = {
			isa = PBXGroup;
			children = (
				2E276B6417FAAE8D00FC7F1B /* CGridSceneNode.cpp */,
				2E276B6517FAAE8D00FC7F1B /* CGridSceneNode.h */,
			);
			name = SceneNodes;
			path = ../../SSWECore/SSWECore/SceneNodes;
			sourceTree = "<group>";
		};
/* End PBXGroup section */

/* Begin PBXHeadersBuildPhase section */
		2E276B4117FAAE7300FC7F1B /* Headers */ = {
			isa = PBXHeadersBuildPhase;
			buildActionMask = 2147483647;
			files = (
				2E276B6D17FAAE8D00FC7F1B /* CCoreObjectPlacement.h in Headers */,
				2E276B7717FAAE8D00FC7F1B /* CGridSceneNode.h in Headers */,
				2E276B7117FAAE8D00FC7F1B /* CBatchingMesh.h in Headers */,
				2E276B7D17FAAE9900FC7F1B /* SSWECore.h in Headers */,
				2E276B6717FAAE8D00FC7F1B /* CCollisionManager.h in Headers */,
				2E276B7517FAAE8D00FC7F1B /* DecalSceneNode.h in Headers */,
				2E276B6B17FAAE8D00FC7F1B /* CCoreData.h in Headers */,
				2E276B6917FAAE8D00FC7F1B /* CCore.h in Headers */,
				2E276B7F17FAAE9900FC7F1B /* stdafx.h in Headers */,
				2E276B7317FAAE8D00FC7F1B /* DecalManager.h in Headers */,
				2E276B6F17FAAE8D00FC7F1B /* CCorePhysics.h in Headers */,
			);
			runOnlyForDeploymentPostprocessing = 0;
		};
/* End PBXHeadersBuildPhase section */

/* Begin PBXNativeTarget section */
		2E276B4217FAAE7300FC7F1B /* SSWECore */ = {
			isa = PBXNativeTarget;
			buildConfigurationList = 2E276B4717FAAE7300FC7F1B /* Build configuration list for PBXNativeTarget "SSWECore" */;
			buildPhases = (
				2E276B3F17FAAE7300FC7F1B /* Sources */,
				2E276B4017FAAE7300FC7F1B /* Frameworks */,
				2E276B4117FAAE7300FC7F1B /* Headers */,
			);
			buildRules = (
			);
			dependencies = (
			);
			name = SSWECore;
			productName = SSWECore;
			productReference = 2E276B4317FAAE7300FC7F1B /* libSSWECore.a */;
			productType = "com.apple.product-type.library.static";
		};
/* End PBXNativeTarget section */

/* Begin PBXProject section */
		2E276B3B17FAAE7300FC7F1B /* Project object */ = {
			isa = PBXProject;
			attributes = {
				LastUpgradeCheck = 0500;
				ORGANIZATIONNAME = "Julien Moreau-Mathis";
			};
			buildConfigurationList = 2E276B3E17FAAE7300FC7F1B /* Build configuration list for PBXProject "SSWECore" */;
			compatibilityVersion = "Xcode 3.2";
			developmentRegion = English;
			hasScannedForEncodings = 0;
			knownRegions = (
				en,
			);
			mainGroup = 2E276B3A17FAAE7300FC7F1B;
			productRefGroup = 2E276B4417FAAE7300FC7F1B /* Products */;
			projectDirPath = "";
			projectRoot = "";
			targets = (
				2E276B4217FAAE7300FC7F1B /* SSWECore */,
			);
		};
/* End PBXProject section */

/* Begin PBXSourcesBuildPhase section */
		2E276B3F17FAAE7300FC7F1B /* Sources */ = {
			isa = PBXSourcesBuildPhase;
			buildActionMask = 2147483647;
			files = (
				2E276B7417FAAE8D00FC7F1B /* DecalSceneNode.cpp in Sources */,
				2E276B7217FAAE8D00FC7F1B /* DecalManager.cpp in Sources */,
				2E276B7C17FAAE9900FC7F1B /* SSWECore.cpp in Sources */,
				2E276B7617FAAE8D00FC7F1B /* CGridSceneNode.cpp in Sources */,
				2E276B6817FAAE8D00FC7F1B /* CCore.cpp in Sources */,
				2E276B6C17FAAE8D00FC7F1B /* CCoreObjectPlacement.cpp in Sources */,
				2E276B7017FAAE8D00FC7F1B /* CBatchingMesh.cpp in Sources */,
				2E276B6A17FAAE8D00FC7F1B /* CCoreData.cpp in Sources */,
				2E276B7E17FAAE9900FC7F1B /* stdafx.cpp in Sources */,
				2E276B6E17FAAE8D00FC7F1B /* CCorePhysics.cpp in Sources */,
				2E276B6617FAAE8D00FC7F1B /* CCollisionManager.cpp in Sources */,
			);
			runOnlyForDeploymentPostprocessing = 0;
		};
/* End PBXSourcesBuildPhase section */

/* Begin XCBuildConfiguration section */
		2E276B4517FAAE7300FC7F1B /* Debug */ = {
			isa = XCBuildConfiguration;
			buildSettings = {
				ALWAYS_SEARCH_USER_PATHS = NO;
				CLANG_CXX_LANGUAGE_STANDARD = "gnu++0x";
				CLANG_CXX_LIBRARY = "libc++";
				CLANG_ENABLE_OBJC_ARC = YES;
				CLANG_WARN_BOOL_CONVERSION = YES;
				CLANG_WARN_CONSTANT_CONVERSION = YES;
				CLANG_WARN_DIRECT_OBJC_ISA_USAGE = YES_ERROR;
				CLANG_WARN_EMPTY_BODY = YES;
				CLANG_WARN_ENUM_CONVERSION = YES;
				CLANG_WARN_INT_CONVERSION = YES;
				CLANG_WARN_OBJC_ROOT_CLASS = YES_ERROR;
				CLANG_WARN__DUPLICATE_METHOD_MATCH = YES;
				COPY_PHASE_STRIP = NO;
				GCC_C_LANGUAGE_STANDARD = gnu99;
				GCC_DYNAMIC_NO_PIC = NO;
				GCC_ENABLE_OBJC_EXCEPTIONS = YES;
				GCC_OPTIMIZATION_LEVEL = 0;
				GCC_PREPROCESSOR_DEFINITIONS = (
					"DEBUG=1",
					"$(inherited)",
				);
				GCC_SYMBOLS_PRIVATE_EXTERN = NO;
				GCC_WARN_64_TO_32_BIT_CONVERSION = YES;
				GCC_WARN_ABOUT_RETURN_TYPE = YES_ERROR;
				GCC_WARN_UNDECLARED_SELECTOR = YES;
				GCC_WARN_UNINITIALIZED_AUTOS = YES;
				GCC_WARN_UNUSED_FUNCTION = YES;
				GCC_WARN_UNUSED_VARIABLE = YES;
				MACOSX_DEPLOYMENT_TARGET = 10.8;
				ONLY_ACTIVE_ARCH = YES;
				SDKROOT = macosx;
			};
			name = Debug;
		};
		2E276B4617FAAE7300FC7F1B /* Release */ = {
			isa = XCBuildConfiguration;
			buildSettings = {
				ALWAYS_SEARCH_USER_PATHS = NO;
				CLANG_CXX_LANGUAGE_STANDARD = "gnu++0x";
				CLANG_CXX_LIBRARY = "libc++";
				CLANG_ENABLE_OBJC_ARC = YES;
				CLANG_WARN_BOOL_CONVERSION = YES;
				CLANG_WARN_CONSTANT_CONVERSION = YES;
				CLANG_WARN_DIRECT_OBJC_ISA_USAGE = YES_ERROR;
				CLANG_WARN_EMPTY_BODY = YES;
				CLANG_WARN_ENUM_CONVERSION = YES;
				CLANG_WARN_INT_CONVERSION = YES;
				CLANG_WARN_OBJC_ROOT_CLASS = YES_ERROR;
				CLANG_WARN__DUPLICATE_METHOD_MATCH = YES;
				COPY_PHASE_STRIP = YES;
				DEBUG_INFORMATION_FORMAT = "dwarf-with-dsym";
				ENABLE_NS_ASSERTIONS = NO;
				GCC_C_LANGUAGE_STANDARD = gnu99;
				GCC_ENABLE_OBJC_EXCEPTIONS = YES;
				GCC_WARN_64_TO_32_BIT_CONVERSION = YES;
				GCC_WARN_ABOUT_RETURN_TYPE = YES_ERROR;
				GCC_WARN_UNDECLARED_SELECTOR = YES;
				GCC_WARN_UNINITIALIZED_AUTOS = YES;
				GCC_WARN_UNUSED_FUNCTION = YES;
				GCC_WARN_UNUSED_VARIABLE = YES;
				MACOSX_DEPLOYMENT_TARGET = 10.8;
				SDKROOT = macosx;
			};
			name = Release;
		};
		2E276B4817FAAE7300FC7F1B /* Debug */ = {
			isa = XCBuildConfiguration;
			buildSettings = {
				ARCHS = "$(ARCHS_STANDARD_32_64_BIT)";
				CLANG_CXX_LANGUAGE_STANDARD = "c++0x";
				CLANG_CXX_LIBRARY = "libc++";
				EXECUTABLE_PREFIX = lib;
				FRAMEWORK_SEARCH_PATHS = (
					"$(inherited)",
					"/Users/julienmoreau-mathis/Desktop/Soganatsu\\ Studios/Projects/SSWE/SSWEProject/Irrlicht/Irrlicht180_MacOSX_Issue/Sources/MacOSX/build/Debug",
				);
				HEADER_SEARCH_PATHS = (
					"$(inherited)",
					/Applications/Xcode.app/Contents/Developer/Toolchains/XcodeDefault.xctoolchain/usr/include,
					../../Irrlicht/libs/include,
					../../Lua52/include,
					../../SSWELib/include,
					../../SSWERenders,
					../../Bullet/libs,
					../../Bullet/libs/src,
				);
				LIBRARY_SEARCH_PATHS = (
					"$(inherited)",
					"/Users/julienmoreau-mathis/Desktop/Soganatsu\\ Studios/Projects/SSWE/SSWEProject/SSWEMacOSX/SSWERenders/build/Debug",
					"/Users/julienmoreau-mathis/Desktop/Soganatsu\\ Studios/Projects/SSWE/SSWEProject/Irrlicht/Irrlicht180_MacOSX_Issue/Sources/MacOSX/build/Debug",
				);
				LINK_WITH_STANDARD_LIBRARIES = YES;
				MACH_O_TYPE = staticlib;
				ONLY_ACTIVE_ARCH = NO;
				PRODUCT_NAME = "$(TARGET_NAME)";
				SDKROOT = macosx10.8;
			};
			name = Debug;
		};
		2E276B4917FAAE7300FC7F1B /* Release */ = {
			isa = XCBuildConfiguration;
			buildSettings = {
				ARCHS = "$(ARCHS_STANDARD_32_64_BIT)";
				CLANG_CXX_LANGUAGE_STANDARD = "c++0x";
				CLANG_CXX_LIBRARY = "libc++";
				EXECUTABLE_PREFIX = lib;
				FRAMEWORK_SEARCH_PATHS = (
					"$(inherited)",
					"/Users/julienmoreau-mathis/Desktop/Soganatsu\\ Studios/Projects/SSWE/SSWEProject/Irrlicht/Irrlicht180_MacOSX_Issue/Sources/MacOSX/build/Debug",
				);
				HEADER_SEARCH_PATHS = (
					"$(inherited)",
					/Applications/Xcode.app/Contents/Developer/Toolchains/XcodeDefault.xctoolchain/usr/include,
					../../Irrlicht/libs/include,
					../../Lua52/include,
					../../SSWELib/include,
					../../SSWERenders,
					../../Bullet/libs,
					../../Bullet/libs/src,
				);
				LIBRARY_SEARCH_PATHS = (
					"$(inherited)",
					"/Users/julienmoreau-mathis/Desktop/Soganatsu\\ Studios/Projects/SSWE/SSWEProject/SSWEMacOSX/SSWERenders/build/Debug",
					"/Users/julienmoreau-mathis/Desktop/Soganatsu\\ Studios/Projects/SSWE/SSWEProject/Irrlicht/Irrlicht180_MacOSX_Issue/Sources/MacOSX/build/Debug",
				);
				LINK_WITH_STANDARD_LIBRARIES = YES;
				MACH_O_TYPE = staticlib;
				ONLY_ACTIVE_ARCH = NO;
				PRODUCT_NAME = "$(TARGET_NAME)";
				SDKROOT = macosx10.8;
			};
			name = Release;
		};
/* End XCBuildConfiguration section */

/* Begin XCConfigurationList section */
		2E276B3E17FAAE7300FC7F1B /* Build configuration list for PBXProject "SSWECore" */ = {
			isa = XCConfigurationList;
			buildConfigurations = (
				2E276B4517FAAE7300FC7F1B /* Debug */,
				2E276B4617FAAE7300FC7F1B /* Release */,
			);
			defaultConfigurationIsVisible = 0;
			defaultConfigurationName = Release;
		};
		2E276B4717FAAE7300FC7F1B /* Build configuration list for PBXNativeTarget "SSWECore" */ = {
			isa = XCConfigurationList;
			buildConfigurations = (
				2E276B4817FAAE7300FC7F1B /* Debug */,
				2E276B4917FAAE7300FC7F1B /* Release */,
			);
			defaultConfigurationIsVisible = 0;
			defaultConfigurationName = Release;
		};
/* End XCConfigurationList section */
	};
	rootObject = 2E276B3B17FAAE7300FC7F1B /* Project object */;
}
