<?xml version="1.0" encoding="utf-8"?>
<Project ToolsVersion="4.0" xmlns="http://schemas.microsoft.com/developer/msbuild/2003">
  <ItemGroup>
    <Filter Include="CharacterEdition">
      <UniqueIdentifier>{14da24f6-36ab-4e67-bfd9-ac1d01da7f17}</UniqueIdentifier>
    </Filter>
    <Filter Include="GUIExtension">
      <UniqueIdentifier>{79293d2c-1a4d-4d49-8aad-688ae90e1c98}</UniqueIdentifier>
    </Filter>
    <Filter Include="GUIExtension\CodeEditor">
      <UniqueIdentifier>{085423cd-dc8c-4b10-8a34-f6cefacfd2da}</UniqueIdentifier>
    </Filter>
    <Filter Include="GUIExtension\OpenFileDialog">
      <UniqueIdentifier>{fc7aaf8e-65e5-45fb-a1a0-d269629505d6}</UniqueIdentifier>
    </Filter>
    <Filter Include="GUIExtension\ViewPort">
      <UniqueIdentifier>{411bd3d5-659c-4dbb-8dce-50a1d7a64022}</UniqueIdentifier>
    </Filter>
    <Filter Include="Device">
      <UniqueIdentifier>{ebc2a076-0f24-4fe3-8be5-d7c0cb73cc15}</UniqueIdentifier>
    </Filter>
    <Filter Include="Device\Core">
      <UniqueIdentifier>{7af14135-831e-4ef3-a599-a7ac64e24f73}</UniqueIdentifier>
    </Filter>
    <Filter Include="Renders">
      <UniqueIdentifier>{16ee5491-200e-4165-a198-c2682461652c}</UniqueIdentifier>
    </Filter>
    <Filter Include="Renders\HDR">
      <UniqueIdentifier>{2321151e-b92d-4210-9a96-9103490a1593}</UniqueIdentifier>
    </Filter>
    <Filter Include="Renders\PostProcessor">
      <UniqueIdentifier>{7548d8ad-a29e-4042-a992-16317451fc16}</UniqueIdentifier>
    </Filter>
    <Filter Include="Renders\XEffect">
      <UniqueIdentifier>{52c466c6-f03c-4e20-88e6-25cdf50d3a61}</UniqueIdentifier>
    </Filter>
    <Filter Include="Renders\XEffect\Interfaces">
      <UniqueIdentifier>{35e0f072-9615-4579-9329-c404d2c59475}</UniqueIdentifier>
    </Filter>
    <Filter Include="SceneNodes">
      <UniqueIdentifier>{3d5922c4-cca8-423a-a1c0-9d627eede06c}</UniqueIdentifier>
    </Filter>
    <Filter Include="SceneNodes\Camera">
      <UniqueIdentifier>{c40c16e1-f768-4ccc-afed-4b7f414660fb}</UniqueIdentifier>
    </Filter>
    <Filter Include="SceneNodes\WaterSurface">
      <UniqueIdentifier>{064c15dd-222f-48a0-8e66-f5834d69385a}</UniqueIdentifier>
    </Filter>
    <Filter Include="UserInterfaces">
      <UniqueIdentifier>{73cf6b5d-7186-4e74-83dc-e96dcf9dd6ee}</UniqueIdentifier>
    </Filter>
    <Filter Include="UserInterfaces\MainWindow">
      <UniqueIdentifier>{20f62bdb-b425-41cd-bfd6-930edbac5406}</UniqueIdentifier>
    </Filter>
    <Filter Include="UserInterfaces\MaterialEditor">
      <UniqueIdentifier>{93367d06-5682-4b56-9e05-0c544a7c3635}</UniqueIdentifier>
    </Filter>
    <Filter Include="UserInterfaces\MaterialEditor\General">
      <UniqueIdentifier>{3a95774b-a117-490a-b937-d01c6fb3e8d7}</UniqueIdentifier>
    </Filter>
    <Filter Include="Scenes">
      <UniqueIdentifier>{41525eed-f40c-4eb5-8f8b-5e4fd2294764}</UniqueIdentifier>
    </Filter>
    <Filter Include="UserInterfaces\NodeFactory">
      <UniqueIdentifier>{91b0913f-396b-4232-b290-852e5135d480}</UniqueIdentifier>
    </Filter>
  </ItemGroup>
  <ItemGroup>
    <ClCompile Include="..\sources\CharacterEdition\CAction.cpp">
      <Filter>CharacterEdition</Filter>
    </ClCompile>
    <ClCompile Include="..\sources\CharacterEdition\CUICharacterWindow.cpp">
      <Filter>CharacterEdition</Filter>
    </ClCompile>
    <ClCompile Include="..\sources\Scenes\CExporter.cpp">
      <Filter>Scenes</Filter>
    </ClCompile>
    <ClCompile Include="..\sources\Scenes\CImporter.cpp">
      <Filter>Scenes</Filter>
    </ClCompile>
    <ClCompile Include="..\sources\UserInterfaces\CUIRenderingInfos.cpp">
      <Filter>UserInterfaces</Filter>
    </ClCompile>
    <ClCompile Include="..\sources\UserInterfaces\CUISceneView.cpp">
      <Filter>UserInterfaces</Filter>
    </ClCompile>
    <ClCompile Include="..\sources\UserInterfaces\CUIWindowEditGrid.cpp">
      <Filter>UserInterfaces</Filter>
    </ClCompile>
    <ClCompile Include="..\sources\UserInterfaces\CUIWindowEditLight.cpp">
      <Filter>UserInterfaces</Filter>
    </ClCompile>
    <ClCompile Include="..\sources\UserInterfaces\CUIWindowEditNode.cpp">
      <Filter>UserInterfaces</Filter>
    </ClCompile>
    <ClCompile Include="..\sources\UserInterfaces\CUIWindowExportScene.cpp">
      <Filter>UserInterfaces</Filter>
    </ClCompile>
    <ClCompile Include="..\sources\UserInterfaces\CUIWindowOpenScene.cpp">
      <Filter>UserInterfaces</Filter>
    </ClCompile>
    <ClCompile Include="..\sources\UserInterfaces\UIContextMenu.cpp">
      <Filter>UserInterfaces</Filter>
    </ClCompile>
    <ClCompile Include="..\sources\UserInterfaces\UIWindowRender.cpp">
      <Filter>UserInterfaces</Filter>
    </ClCompile>
    <ClCompile Include="..\sources\UserInterfaces\MainWindow\CUIWindowAddLight.cpp">
      <Filter>UserInterfaces\MainWindow</Filter>
    </ClCompile>
    <ClCompile Include="..\sources\UserInterfaces\MainWindow\CUIWindowAddObject.cpp">
      <Filter>UserInterfaces\MainWindow</Filter>
    </ClCompile>
    <ClCompile Include="..\sources\UserInterfaces\MainWindow\CUIWindowAddTerrain.cpp">
      <Filter>UserInterfaces\MainWindow</Filter>
    </ClCompile>
    <ClCompile Include="..\sources\UserInterfaces\MainWindow\CUIWindowAddTree.cpp">
      <Filter>UserInterfaces\MainWindow</Filter>
    </ClCompile>
    <ClCompile Include="..\sources\UserInterfaces\MainWindow\UIMainWindow.cpp">
      <Filter>UserInterfaces\MainWindow</Filter>
    </ClCompile>
    <ClCompile Include="..\sources\UserInterfaces\MaterialEditor\CUIMaterialEditor.cpp">
      <Filter>UserInterfaces\MaterialEditor</Filter>
    </ClCompile>
    <ClCompile Include="..\sources\UserInterfaces\MaterialEditor\General\CUIMaterialEditorColors.cpp">
      <Filter>UserInterfaces\MaterialEditor\General</Filter>
    </ClCompile>
    <ClCompile Include="..\sources\UserInterfaces\MaterialEditor\General\CUIMaterialEditorTextures.cpp">
      <Filter>UserInterfaces\MaterialEditor\General</Filter>
    </ClCompile>
    <ClCompile Include="..\sources\SceneNodes\CGridSceneNode.cpp">
      <Filter>SceneNodes</Filter>
    </ClCompile>
    <ClCompile Include="..\sources\SceneNodes\LensFlareSceneNode.cpp">
      <Filter>SceneNodes</Filter>
    </ClCompile>
    <ClCompile Include="..\sources\SceneNodes\SceneNodeAnimatorFollowCamera.cpp">
      <Filter>SceneNodes</Filter>
    </ClCompile>
    <ClCompile Include="..\sources\SceneNodes\WaterSurface\CWaterSurface.cpp">
      <Filter>SceneNodes\WaterSurface</Filter>
    </ClCompile>
    <ClCompile Include="..\sources\GUIExtension\CodeEditor\CGUICodeEditor.cpp">
      <Filter>GUIExtension\CodeEditor</Filter>
    </ClCompile>
    <ClCompile Include="..\sources\GUIExtension\OpenFileDialog\CGUIFileSelector.cpp">
      <Filter>GUIExtension\OpenFileDialog</Filter>
    </ClCompile>
    <ClCompile Include="..\sources\GUIExtension\ViewPort\CGUIViewPort.cpp">
      <Filter>GUIExtension\ViewPort</Filter>
    </ClCompile>
    <ClCompile Include="..\sources\Device\CCollisionManager.cpp">
      <Filter>Device</Filter>
    </ClCompile>
    <ClCompile Include="..\sources\Device\CDevices.cpp">
      <Filter>Device</Filter>
    </ClCompile>
    <ClCompile Include="..\sources\Device\Core\CCore.cpp">
      <Filter>Device\Core</Filter>
    </ClCompile>
    <ClCompile Include="..\sources\Device\Core\CCoreData.cpp">
      <Filter>Device\Core</Filter>
    </ClCompile>
    <ClCompile Include="..\sources\Device\Core\CCoreObjectPlacement.cpp">
      <Filter>Device\Core</Filter>
    </ClCompile>
    <ClCompile Include="..\sources\Device\Core\CCoreUserInterface.cpp">
      <Filter>Device\Core</Filter>
    </ClCompile>
    <ClCompile Include="..\sources\Device\Core\CLuaBinds.cpp">
      <Filter>Device\Core</Filter>
    </ClCompile>
    <ClCompile Include="..\sources\Device\Core\CUITextDialog.cpp">
      <Filter>Device\Core</Filter>
    </ClCompile>
    <ClCompile Include="..\sources\Renders\XEffect\CShaderPre.cpp">
      <Filter>Renders\XEffect</Filter>
    </ClCompile>
    <ClCompile Include="..\sources\Renders\XEffect\EffectHandler.cpp">
      <Filter>Renders\XEffect</Filter>
    </ClCompile>
    <ClCompile Include="..\sources\Renders\XEffect\Interfaces\CRenderCallback.cpp">
      <Filter>Renders\XEffect\Interfaces</Filter>
    </ClCompile>
    <ClCompile Include="..\sources\Renders\XEffect\Interfaces\CRenderCallbackScripting.cpp">
      <Filter>Renders\XEffect\Interfaces</Filter>
    </ClCompile>
    <ClCompile Include="..\sources\Renders\XEffect\Interfaces\CShaderCallback.cpp">
      <Filter>Renders\XEffect\Interfaces</Filter>
    </ClCompile>
    <ClCompile Include="..\sources\Renders\XEffect\Interfaces\CUIWindowEditEffects.cpp">
      <Filter>Renders\XEffect\Interfaces</Filter>
    </ClCompile>
    <ClCompile Include="..\sources\Renders\XEffect\Interfaces\CUIWindowEditMaterials.cpp">
      <Filter>Renders\XEffect\Interfaces</Filter>
    </ClCompile>
    <ClCompile Include="..\sources\main.cpp" />
    <ClCompile Include="..\sources\UserInterfaces\MaterialEditor\General\CUIMaterialEditorFlags.cpp">
      <Filter>UserInterfaces\MaterialEditor\General</Filter>
    </ClCompile>
    <ClCompile Include="..\sources\UserInterfaces\NodeFactory\CUINodeFactoryPlanarMapping.cpp">
      <Filter>UserInterfaces\NodeFactory</Filter>
    </ClCompile>
    <ClCompile Include="..\sources\UserInterfaces\NodeFactory\CUINodeFactoryCreateMeshWithTangents.cpp">
      <Filter>UserInterfaces\NodeFactory</Filter>
    </ClCompile>
    <ClCompile Include="..\sources\UserInterfaces\MaterialEditor\CMaterialEditorFactory.cpp">
      <Filter>UserInterfaces\MaterialEditor</Filter>
    </ClCompile>
    <ClCompile Include="..\sources\UserInterfaces\CUIRightSceneTreeView.cpp">
      <Filter>UserInterfaces</Filter>
    </ClCompile>
    <ClCompile Include="..\sources\UserInterfaces\MainWindow\CUIWindowAddWatersSurface.cpp">
      <Filter>UserInterfaces\MainWindow</Filter>
    </ClCompile>
  </ItemGroup>
  <ItemGroup>
    <ClInclude Include="..\sources\CharacterEdition\CAction.h">
      <Filter>CharacterEdition</Filter>
    </ClInclude>
    <ClInclude Include="..\sources\CharacterEdition\CUICharacterWindow.h">
      <Filter>CharacterEdition</Filter>
    </ClInclude>
    <ClInclude Include="..\sources\Scenes\CExporter.h">
      <Filter>Scenes</Filter>
    </ClInclude>
    <ClInclude Include="..\sources\Scenes\CImporter.h">
      <Filter>Scenes</Filter>
    </ClInclude>
    <ClInclude Include="..\sources\UserInterfaces\CUIRenderingInfos.h">
      <Filter>UserInterfaces</Filter>
    </ClInclude>
    <ClInclude Include="..\sources\UserInterfaces\CUISceneView.h">
      <Filter>UserInterfaces</Filter>
    </ClInclude>
    <ClInclude Include="..\sources\UserInterfaces\CUIWindowEditGrid.h">
      <Filter>UserInterfaces</Filter>
    </ClInclude>
    <ClInclude Include="..\sources\UserInterfaces\CUIWindowEditLight.h">
      <Filter>UserInterfaces</Filter>
    </ClInclude>
    <ClInclude Include="..\sources\UserInterfaces\CUIWindowEditNode.h">
      <Filter>UserInterfaces</Filter>
    </ClInclude>
    <ClInclude Include="..\sources\UserInterfaces\CUIWindowExportScene.h">
      <Filter>UserInterfaces</Filter>
    </ClInclude>
    <ClInclude Include="..\sources\UserInterfaces\CUIWindowOpenScene.h">
      <Filter>UserInterfaces</Filter>
    </ClInclude>
    <ClInclude Include="..\sources\UserInterfaces\UIContextMenu.h">
      <Filter>UserInterfaces</Filter>
    </ClInclude>
    <ClInclude Include="..\sources\UserInterfaces\UIWindowRender.h">
      <Filter>UserInterfaces</Filter>
    </ClInclude>
    <ClInclude Include="..\sources\UserInterfaces\MainWindow\CUIWindowAddLight.h">
      <Filter>UserInterfaces\MainWindow</Filter>
    </ClInclude>
    <ClInclude Include="..\sources\UserInterfaces\MainWindow\CUIWindowAddObject.h">
      <Filter>UserInterfaces\MainWindow</Filter>
    </ClInclude>
    <ClInclude Include="..\sources\UserInterfaces\MainWindow\CUIWindowAddTerrain.h">
      <Filter>UserInterfaces\MainWindow</Filter>
    </ClInclude>
    <ClInclude Include="..\sources\UserInterfaces\MainWindow\CUIWindowAddTree.h">
      <Filter>UserInterfaces\MainWindow</Filter>
    </ClInclude>
    <ClInclude Include="..\sources\UserInterfaces\MainWindow\UIMainWindow.h">
      <Filter>UserInterfaces\MainWindow</Filter>
    </ClInclude>
    <ClInclude Include="..\sources\UserInterfaces\MaterialEditor\CUIMaterialEditor.h">
      <Filter>UserInterfaces\MaterialEditor</Filter>
    </ClInclude>
    <ClInclude Include="..\sources\UserInterfaces\MaterialEditor\General\CUIMaterialEditorColors.h">
      <Filter>UserInterfaces\MaterialEditor\General</Filter>
    </ClInclude>
    <ClInclude Include="..\sources\UserInterfaces\MaterialEditor\General\CUIMaterialEditorTextures.h">
      <Filter>UserInterfaces\MaterialEditor\General</Filter>
    </ClInclude>
    <ClInclude Include="..\sources\SceneNodes\CGridSceneNode.h">
      <Filter>SceneNodes</Filter>
    </ClInclude>
    <ClInclude Include="..\sources\SceneNodes\LensFlareSceneNode.h">
      <Filter>SceneNodes</Filter>
    </ClInclude>
    <ClInclude Include="..\sources\SceneNodes\SceneNodeAnimatorFollowCamera.h">
      <Filter>SceneNodes</Filter>
    </ClInclude>
    <ClInclude Include="..\sources\SceneNodes\Camera\CSceneNodeAnimatorCameraUpVector.h">
      <Filter>SceneNodes\Camera</Filter>
    </ClInclude>
    <ClInclude Include="..\sources\SceneNodes\WaterSurface\CWaterSurface.h">
      <Filter>SceneNodes\WaterSurface</Filter>
    </ClInclude>
    <ClInclude Include="..\sources\GUIExtension\CodeEditor\CGUICodeEditor.h">
      <Filter>GUIExtension\CodeEditor</Filter>
    </ClInclude>
    <ClInclude Include="..\sources\GUIExtension\OpenFileDialog\CGUIFileSelector.h">
      <Filter>GUIExtension\OpenFileDialog</Filter>
    </ClInclude>
    <ClInclude Include="..\sources\GUIExtension\ViewPort\CGUIViewPort.h">
      <Filter>GUIExtension\ViewPort</Filter>
    </ClInclude>
    <ClInclude Include="..\sources\GUIExtension\ViewPort\IGUIViewPort.h">
      <Filter>GUIExtension\ViewPort</Filter>
    </ClInclude>
    <ClInclude Include="..\sources\Device\CCollisionManager.h">
      <Filter>Device</Filter>
    </ClInclude>
    <ClInclude Include="..\sources\Device\CDevices.h">
      <Filter>Device</Filter>
    </ClInclude>
    <ClInclude Include="..\sources\Device\Core\CCore.h">
      <Filter>Device\Core</Filter>
    </ClInclude>
    <ClInclude Include="..\sources\Device\Core\CCoreData.h">
      <Filter>Device\Core</Filter>
    </ClInclude>
    <ClInclude Include="..\sources\Device\Core\CCoreObjectPlacement.h">
      <Filter>Device\Core</Filter>
    </ClInclude>
    <ClInclude Include="..\sources\Device\Core\CCoreUserInterface.h">
      <Filter>Device\Core</Filter>
    </ClInclude>
    <ClInclude Include="..\sources\Device\Core\CLuaBinds.h">
      <Filter>Device\Core</Filter>
    </ClInclude>
    <ClInclude Include="..\sources\Device\Core\CUITextDialog.h">
      <Filter>Device\Core</Filter>
    </ClInclude>
    <ClInclude Include="..\sources\Renders\XEffect\CScreenQuad.h">
      <Filter>Renders\XEffect</Filter>
    </ClInclude>
    <ClInclude Include="..\sources\Renders\XEffect\CShaderPre.h">
      <Filter>Renders\XEffect</Filter>
    </ClInclude>
    <ClInclude Include="..\sources\Renders\XEffect\EffectCB.h">
      <Filter>Renders\XEffect</Filter>
    </ClInclude>
    <ClInclude Include="..\sources\Renders\XEffect\EffectHandler.h">
      <Filter>Renders\XEffect</Filter>
    </ClInclude>
    <ClInclude Include="..\sources\Renders\XEffect\EffectShaders.h">
      <Filter>Renders\XEffect</Filter>
    </ClInclude>
    <ClInclude Include="..\sources\Renders\XEffect\XEffects.h">
      <Filter>Renders\XEffect</Filter>
    </ClInclude>
    <ClInclude Include="..\sources\Renders\XEffect\Interfaces\CRenderCallback.h">
      <Filter>Renders\XEffect\Interfaces</Filter>
    </ClInclude>
    <ClInclude Include="..\sources\Renders\XEffect\Interfaces\CRenderCallbackScripting.h">
      <Filter>Renders\XEffect\Interfaces</Filter>
    </ClInclude>
    <ClInclude Include="..\sources\Renders\XEffect\Interfaces\CShaderCallback.h">
      <Filter>Renders\XEffect\Interfaces</Filter>
    </ClInclude>
    <ClInclude Include="..\sources\Renders\XEffect\Interfaces\CUIWindowEditEffects.h">
      <Filter>Renders\XEffect\Interfaces</Filter>
    </ClInclude>
    <ClInclude Include="..\sources\Renders\XEffect\Interfaces\CUIWindowEditMaterials.h">
      <Filter>Renders\XEffect\Interfaces</Filter>
    </ClInclude>
    <ClInclude Include="..\sources\Renders\PostProcessor\PostProcessMotionBlurhlsl.h">
      <Filter>Renders\PostProcessor</Filter>
    </ClInclude>
    <ClInclude Include="..\sources\UserInterfaces\MaterialEditor\General\CUIMaterialEditorFlags.h">
      <Filter>UserInterfaces\MaterialEditor\General</Filter>
    </ClInclude>
    <ClInclude Include="..\sources\UserInterfaces\NodeFactory\CUINodeFactoryPlanarMapping.h">
      <Filter>UserInterfaces\NodeFactory</Filter>
    </ClInclude>
    <ClInclude Include="..\sources\UserInterfaces\NodeFactory\CUINodeFactoryCreateMeshWithTangents.h">
      <Filter>UserInterfaces\NodeFactory</Filter>
    </ClInclude>
    <ClInclude Include="..\sources\UserInterfaces\MaterialEditor\CMaterialEditorFactory.h">
      <Filter>UserInterfaces\MaterialEditor</Filter>
    </ClInclude>
    <ClInclude Include="..\sources\UserInterfaces\CUIRightSceneTreeView.h">
      <Filter>UserInterfaces</Filter>
    </ClInclude>
    <ClInclude Include="..\sources\UserInterfaces\MainWindow\CUIWindowAddWatersSurface.h">
      <Filter>UserInterfaces\MainWindow</Filter>
    </ClInclude>
  </ItemGroup>
</Project>