<?xml version="1.0" encoding="UTF-8" standalone="yes" ?>
<CodeBlocks_project_file>
	<FileVersion major="1" minor="6" />
	<Project>
		<Option title="SSWERenders" />
		<Option pch_mode="2" />
		<Option compiler="gcc" />
		<Build>
			<Target title="Debug">
				<Option output="SSWERenders" prefix_auto="1" extension_auto="1" />
				<Option working_dir="" />
				<Option object_output="obj/Debug/" />
				<Option type="2" />
				<Option compiler="gcc" />
				<Option createDefFile="1" />
				<Compiler>
					<Add option="-Wall" />
					<Add option="-g" />
					<Add option="-DSSWE_EDITOR" />
				</Compiler>
			</Target>
			<Target title="Release">
				<Option output="SSWERenders" prefix_auto="1" extension_auto="1" />
				<Option working_dir="" />
				<Option object_output="obj/Release/" />
				<Option type="2" />
				<Option compiler="gcc" />
				<Option createDefFile="1" />
				<Compiler>
					<Add option="-O2" />
					<Add option="-Wall" />
					<Add option="-DSSWE_RELEASE" />
					<Add option="-DSSWE_EDITOR" />
				</Compiler>
				<Linker>
					<Add option="-s" />
				</Linker>
			</Target>
		</Build>
		<Compiler>
			<Add option="-std=c++11" />
			<Add option="-W" />
			<Add option="-O0" />
			<Add option="-Wno-unused-parameter" />
			<Add option="-DSSWE_EDITOR" />
			<Add option="-D_IRR_STATIC_LIB_" />
			<Add directory="../../SSWERenders" />
			<Add directory="../../../../irrlicht-1.8.1/include" />
			<Add directory="../../SSWELib/include" />
		</Compiler>
		<Linker>
			<Add directory="../../../../irrlicht-1.8.1/lib/Linux" />
		</Linker>
		<Unit filename="../Renders/DepthOfField/shadergroup.cpp" />
		<Unit filename="../Renders/DepthOfField/shadergroup.h" />
		<Unit filename="../Renders/DepthOfField/shadermaterial.cpp" />
		<Unit filename="../Renders/DepthOfField/shadermaterial.h" />
		<Unit filename="../Renders/HDR/CAAPostProcessingManager.cpp" />
		<Unit filename="../Renders/HDR/CAAPostProcessingManager.h" />
		<Unit filename="../Renders/HDR/CAmplifier.h" />
		<Unit filename="../Renders/HDR/CBrightPassPostProcess.cpp" />
		<Unit filename="../Renders/HDR/CBrightPassPostProcess.h" />
		<Unit filename="../Renders/HDR/CContext.cpp" />
		<Unit filename="../Renders/HDR/CDSBloomGenerator.cpp" />
		<Unit filename="../Renders/HDR/CDSBloomGenerator.h" />
		<Unit filename="../Renders/HDR/CDeviceContext.h" />
		<Unit filename="../Renders/HDR/CDownSampleX4PostProcess.cpp" />
		<Unit filename="../Renders/HDR/CDownSampleX4PostProcess.h" />
		<Unit filename="../Renders/HDR/CErrorHandling.cpp" />
		<Unit filename="../Renders/HDR/CErrorHandling.h" />
		<Unit filename="../Renders/HDR/CGaussianBlurBase.cpp" />
		<Unit filename="../Renders/HDR/CGaussianBlurBase.h" />
		<Unit filename="../Renders/HDR/CGaussianBlurHPostProcess.cpp" />
		<Unit filename="../Renders/HDR/CGaussianBlurHPostProcess.h" />
		<Unit filename="../Renders/HDR/CGaussianBlurVPostProcess.cpp" />
		<Unit filename="../Renders/HDR/CGaussianBlurVPostProcess.h" />
		<Unit filename="../Renders/HDR/CGlobalContext.h" />
		<Unit filename="../Renders/HDR/CHDRPostProcess.cpp" />
		<Unit filename="../Renders/HDR/CHDRPostProcess.h" />
		<Unit filename="../Renders/HDR/CHDRPostProcessingManager.cpp" />
		<Unit filename="../Renders/HDR/CHDRPostProcessingManager.h" />
		<Unit filename="../Renders/HDR/CHDRScreenQuad.h" />
		<Unit filename="../Renders/HDR/CInvertPostProcess.cpp" />
		<Unit filename="../Renders/HDR/CInvertPostProcess.h" />
		<Unit filename="../Renders/HDR/CLDRBloomPostProcess.cpp" />
		<Unit filename="../Renders/HDR/CLDRBloomPostProcess.h" />
		<Unit filename="../Renders/HDR/CLuminanceGenerator.cpp" />
		<Unit filename="../Renders/HDR/CLuminanceGenerator.h" />
		<Unit filename="../Renders/HDR/CPaths.h" />
		<Unit filename="../Renders/HDR/CPhongShaderManager.cpp" />
		<Unit filename="../Renders/HDR/CPhongShaderManager.h" />
		<Unit filename="../Renders/HDR/CPostProcessingManager.cpp" />
		<Unit filename="../Renders/HDR/CPostProcessingManager.h" />
		<Unit filename="../Renders/HDR/CResourceManager.cpp" />
		<Unit filename="../Renders/HDR/CResourceManager.h" />
		<Unit filename="../Renders/HDR/CTextureAdder.cpp" />
		<Unit filename="../Renders/HDR/CTextureAdder.h" />
		<Unit filename="../Renders/HDR/IPostProcess.h" />
		<Unit filename="../Renders/HDR/IPostProcessHelper.h" />
		<Unit filename="../Renders/Materials/CNormalMappingMaterial.cpp" />
		<Unit filename="../Renders/Materials/CNormalMappingMaterial.h" />
		<Unit filename="../Renders/PostProcessor/CHDRManager.cpp" />
		<Unit filename="../Renders/PostProcessor/CHDRManager.h" />
		<Unit filename="../Renders/PostProcessor/CPostProcessMotionBlurhlsl.h" />
		<Unit filename="../Renders/PostProcessor/CScreenSpaceAmbientOcclusion.cpp" />
		<Unit filename="../Renders/PostProcessor/CScreenSpaceAmbientOcclusion.h" />
		<Unit filename="../Renders/XEffect/CPSSMUtils.cpp" />
		<Unit filename="../Renders/XEffect/CPSSMUtils.h" />
		<Unit filename="../Renders/XEffect/CScreenQuad.h" />
		<Unit filename="../Renders/XEffect/CShaderPre.cpp" />
		<Unit filename="../Renders/XEffect/CShaderPre.h" />
		<Unit filename="../Renders/XEffect/EffectCB.h" />
		<Unit filename="../Renders/XEffect/EffectHandler.cpp" />
		<Unit filename="../Renders/XEffect/EffectHandler.h" />
		<Unit filename="../Renders/XEffect/EffectShaders.h" />
		<Unit filename="../Renders/XEffect/XEffects.h" />
		<Unit filename="../SSWERenders.cpp" />
		<Unit filename="../SSWERenders.h" />
		<Unit filename="../stdafx.cpp" />
		<Unit filename="../stdafx.h" />
		<Extensions>
			<code_completion />
			<debugger />
		</Extensions>
	</Project>
</CodeBlocks_project_file>
