<?xml version="1.0" encoding="utf-8"?>
<Project ToolsVersion="4.0" xmlns="http://schemas.microsoft.com/developer/msbuild/2003">
  <ItemGroup>
    <Filter Include="Fichiers sources">
      <UniqueIdentifier>{4FC737F1-C7A5-4376-A066-2A32D752A2FF}</UniqueIdentifier>
      <Extensions>cpp;c;cc;cxx;def;odl;idl;hpj;bat;asm;asmx</Extensions>
    </Filter>
    <Filter Include="Fichiers d%27en-tête">
      <UniqueIdentifier>{93995380-89BD-4b04-88EB-625FBE52EBFB}</UniqueIdentifier>
      <Extensions>h;hpp;hxx;hm;inl;inc;xsd</Extensions>
    </Filter>
    <Filter Include="Fichiers de ressources">
      <UniqueIdentifier>{67DA6AB6-F800-4c08-8B7A-83BB121AAD01}</UniqueIdentifier>
      <Extensions>rc;ico;cur;bmp;dlg;rc2;rct;bin;rgs;gif;jpg;jpeg;jpe;resx;tiff;tif;png;wav;mfcribbon-ms</Extensions>
    </Filter>
    <Filter Include="DemoGame">
      <UniqueIdentifier>{4b3b953c-f0d2-47ea-a52b-c05425e1103c}</UniqueIdentifier>
    </Filter>
    <Filter Include="DemoGame\Character">
      <UniqueIdentifier>{929afe86-aff0-4273-8071-bdc2cab0f8f9}</UniqueIdentifier>
    </Filter>
    <Filter Include="DemoGame\Example1">
      <UniqueIdentifier>{c0364422-770f-4ebc-b880-b4fb628ae973}</UniqueIdentifier>
    </Filter>
    <Filter Include="DemoGame\Example2">
      <UniqueIdentifier>{692cb3a1-3fd4-4857-82df-2d6829a3e01f}</UniqueIdentifier>
    </Filter>
  </ItemGroup>
  <ItemGroup>
    <Text Include="ReadMe.txt" />
  </ItemGroup>
  <ItemGroup>
    <ClInclude Include="stdafx.h">
      <Filter>Fichiers d%27en-tête</Filter>
    </ClInclude>
    <ClInclude Include="targetver.h">
      <Filter>Fichiers d%27en-tête</Filter>
    </ClInclude>
    <ClInclude Include="DemoGame\Character\CCharacterControl.h">
      <Filter>DemoGame\Character</Filter>
    </ClInclude>
    <ClInclude Include="DemoGame\Example1\CExample1.h">
      <Filter>DemoGame\Example1</Filter>
    </ClInclude>
    <ClInclude Include="DemoGame\Example2\CExample2.h">
      <Filter>DemoGame\Example2</Filter>
    </ClInclude>
  </ItemGroup>
  <ItemGroup>
    <ClCompile Include="stdafx.cpp">
      <Filter>Fichiers sources</Filter>
    </ClCompile>
    <ClCompile Include="DemoGame.cpp">
      <Filter>Fichiers sources</Filter>
    </ClCompile>
    <ClCompile Include="DemoGame\Character\CCharacterControl.cpp">
      <Filter>DemoGame\Character</Filter>
    </ClCompile>
    <ClCompile Include="DemoGame\Example1\CExample1.cpp">
      <Filter>DemoGame\Example1</Filter>
    </ClCompile>
    <ClCompile Include="DemoGame\Example2\CExample2.cpp">
      <Filter>DemoGame\Example2</Filter>
    </ClCompile>
  </ItemGroup>
</Project>