<?xml version="1.0" encoding="utf-8"?>
<Project ToolsVersion="4.0" xmlns="http://schemas.microsoft.com/developer/msbuild/2003">
  <ItemGroup>
    <Filter Include="Fichiers sources">
      <UniqueIdentifier>{4FC737F1-C7A5-4376-A066-2A32D752A2FF}</UniqueIdentifier>
      <Extensions>cpp;c;cc;cxx;def;odl;idl;hpj;bat;asm;asmx</Extensions>
    </Filter>
    <Filter Include="Fichiers d%27en-tête">
      <UniqueIdentifier>{93995380-89BD-4b04-88EB-625FBE52EBFB}</UniqueIdentifier>
      <Extensions>h;hpp;hxx;hm;inl;inc;xsd</Extensions>
    </Filter>
    <Filter Include="Fichiers de ressources">
      <UniqueIdentifier>{67DA6AB6-F800-4c08-8B7A-83BB121AAD01}</UniqueIdentifier>
      <Extensions>rc;ico;cur;bmp;dlg;rc2;rct;bin;rgs;gif;jpg;jpeg;jpe;resx;tiff;tif;png;wav;mfcribbon-ms</Extensions>
    </Filter>
    <Filter Include="DemoGame">
      <UniqueIdentifier>{4b3b953c-f0d2-47ea-a52b-c05425e1103c}</UniqueIdentifier>
    </Filter>
    <Filter Include="DemoGame\Character">
      <UniqueIdentifier>{929afe86-aff0-4273-8071-bdc2cab0f8f9}</UniqueIdentifier>
    </Filter>
    <Filter Include="DemoGame\Example1">
      <UniqueIdentifier>{c0364422-770f-4ebc-b880-b4fb628ae973}</UniqueIdentifier>
    </Filter>
    <Filter Include="DemoGame\Example2">
      <UniqueIdentifier>{692cb3a1-3fd4-4857-82df-2d6829a3e01f}</UniqueIdentifier>
    </Filter>
    <Filter Include="DemoGame\Example3">
      <UniqueIdentifier>{4592f22a-437b-40f5-b4fc-7653a28e47b5}</UniqueIdentifier>
    </Filter>
    <Filter Include="DemoGame\Example4">
      <UniqueIdentifier>{8e88e1d4-2a9c-451c-9987-fd7d17e985c0}</UniqueIdentifier>
    </Filter>
    <Filter Include="DemoGame\Example5">
      <UniqueIdentifier>{bc73130d-175c-4112-88ff-464b46951003}</UniqueIdentifier>
    </Filter>
    <Filter Include="DemoGame\Example6">
      <UniqueIdentifier>{0555c9cb-c1f7-44c5-8ad1-bef991c0ff4e}</UniqueIdentifier>
    </Filter>
  </ItemGroup>
  <ItemGroup>
    <Text Include="ReadMe.txt" />
  </ItemGroup>
  <ItemGroup>
    <ClInclude Include="stdafx.h">
      <Filter>Fichiers d%27en-tête</Filter>
    </ClInclude>
    <ClInclude Include="targetver.h">
      <Filter>Fichiers d%27en-tête</Filter>
    </ClInclude>
    <ClInclude Include="DemoGame\Character\CCharacterControl.h">
      <Filter>DemoGame\Character</Filter>
    </ClInclude>
    <ClInclude Include="DemoGame\Example1\CExample1.h">
      <Filter>DemoGame\Example1</Filter>
    </ClInclude>
    <ClInclude Include="DemoGame\Example2\CExample2.h">
      <Filter>DemoGame\Example2</Filter>
    </ClInclude>
    <ClInclude Include="DemoGame\Example3\CExample3.h">
      <Filter>DemoGame\Example3</Filter>
    </ClInclude>
    <ClInclude Include="DemoGame\Example4\CExample4.h">
      <Filter>DemoGame\Example4</Filter>
    </ClInclude>
    <ClInclude Include="DemoGame\Example5\CExample5.h">
      <Filter>DemoGame\Example5</Filter>
    </ClInclude>
    <ClInclude Include="DemoGame\Example6\CExample6.h">
      <Filter>DemoGame\Example6</Filter>
    </ClInclude>
  </ItemGroup>
  <ItemGroup>
    <ClCompile Include="stdafx.cpp">
      <Filter>Fichiers sources</Filter>
    </ClCompile>
    <ClCompile Include="DemoGame.cpp">
      <Filter>Fichiers sources</Filter>
    </ClCompile>
    <ClCompile Include="DemoGame\Character\CCharacterControl.cpp">
      <Filter>DemoGame\Character</Filter>
    </ClCompile>
    <ClCompile Include="DemoGame\Example1\CExample1.cpp">
      <Filter>DemoGame\Example1</Filter>
    </ClCompile>
    <ClCompile Include="DemoGame\Example2\CExample2.cpp">
      <Filter>DemoGame\Example2</Filter>
    </ClCompile>
    <ClCompile Include="DemoGame\Example3\CExample3.cpp">
      <Filter>DemoGame\Example3</Filter>
    </ClCompile>
    <ClCompile Include="DemoGame\Example4\CExample4.cpp">
      <Filter>DemoGame\Example4</Filter>
    </ClCompile>
    <ClCompile Include="DemoGame\Example5\CExample5.cpp">
      <Filter>DemoGame\Example5</Filter>
    </ClCompile>
    <ClCompile Include="DemoGame\Example6\CExample6.cpp">
      <Filter>DemoGame\Example6</Filter>
    </ClCompile>
  </ItemGroup>
</Project>