
Microsoft Visual Studio Solution File, Format Version 12.00
# Visual Studio 2012
Project("{8BC9CEB8-8B4A-11D0-8D11-00A0C91BC942}") = "SSWE", "SSWE\SSWE.vcxproj", "{34E0D746-3641-42D7-9472-2B2C9CB525EE}"
	ProjectSection(ProjectDependencies) = postProject
		{AA60E92A-DF2C-4E3F-92BC-27034F7FB798} = {AA60E92A-DF2C-4E3F-92BC-27034F7FB798}
		{B80D495C-F203-43A4-9CE2-A01481BA445D} = {B80D495C-F203-43A4-9CE2-A01481BA445D}
		{76592BD3-C205-4941-8036-12BBDBD94454} = {76592BD3-C205-4941-8036-12BBDBD94454}
	EndProjectSection
EndProject
Project("{8BC9CEB8-8B4A-11D0-8D11-00A0C91BC942}") = "SSWELib", "SSWELib\SSWELib.vcxproj", "{76592BD3-C205-4941-8036-12BBDBD94454}"
	ProjectSection(ProjectDependencies) = postProject
		{AA60E92A-DF2C-4E3F-92BC-27034F7FB798} = {AA60E92A-DF2C-4E3F-92BC-27034F7FB798}
		{B80D495C-F203-43A4-9CE2-A01481BA445D} = {B80D495C-F203-43A4-9CE2-A01481BA445D}
	EndProjectSection
EndProject
Project("{8BC9CEB8-8B4A-11D0-8D11-00A0C91BC942}") = "SSWECore", "SSWECore\SSWECore.vcxproj", "{AA60E92A-DF2C-4E3F-92BC-27034F7FB798}"
	ProjectSection(ProjectDependencies) = postProject
		{B80D495C-F203-43A4-9CE2-A01481BA445D} = {B80D495C-F203-43A4-9CE2-A01481BA445D}
	EndProjectSection
EndProject
Project("{8BC9CEB8-8B4A-11D0-8D11-00A0C91BC942}") = "SSWETests", "SSWETests\SSWETests.vcxproj", "{256C3FF8-678A-4F5B-8DC2-1BBF432B5655}"
	ProjectSection(ProjectDependencies) = postProject
		{AA60E92A-DF2C-4E3F-92BC-27034F7FB798} = {AA60E92A-DF2C-4E3F-92BC-27034F7FB798}
		{34E0D746-3641-42D7-9472-2B2C9CB525EE} = {34E0D746-3641-42D7-9472-2B2C9CB525EE}
		{76592BD3-C205-4941-8036-12BBDBD94454} = {76592BD3-C205-4941-8036-12BBDBD94454}
	EndProjectSection
EndProject
Project("{8BC9CEB8-8B4A-11D0-8D11-00A0C91BC942}") = "SSWERenders", "SSWERenders\SSWERenders.vcxproj", "{B80D495C-F203-43A4-9CE2-A01481BA445D}"
EndProject
Global
	GlobalSection(SolutionConfigurationPlatforms) = preSolution
		Debug|Win32 = Debug|Win32
		Release|Win32 = Release|Win32
	EndGlobalSection
	GlobalSection(ProjectConfigurationPlatforms) = postSolution
		{34E0D746-3641-42D7-9472-2B2C9CB525EE}.Debug|Win32.ActiveCfg = Debug|Win32
		{34E0D746-3641-42D7-9472-2B2C9CB525EE}.Debug|Win32.Build.0 = Debug|Win32
		{34E0D746-3641-42D7-9472-2B2C9CB525EE}.Release|Win32.ActiveCfg = Release|Win32
		{34E0D746-3641-42D7-9472-2B2C9CB525EE}.Release|Win32.Build.0 = Release|Win32
		{76592BD3-C205-4941-8036-12BBDBD94454}.Debug|Win32.ActiveCfg = Debug|Win32
		{76592BD3-C205-4941-8036-12BBDBD94454}.Debug|Win32.Build.0 = Debug|Win32
		{76592BD3-C205-4941-8036-12BBDBD94454}.Release|Win32.ActiveCfg = Release|Win32
		{76592BD3-C205-4941-8036-12BBDBD94454}.Release|Win32.Build.0 = Release|Win32
		{AA60E92A-DF2C-4E3F-92BC-27034F7FB798}.Debug|Win32.ActiveCfg = Debug|Win32
		{AA60E92A-DF2C-4E3F-92BC-27034F7FB798}.Debug|Win32.Build.0 = Debug|Win32
		{AA60E92A-DF2C-4E3F-92BC-27034F7FB798}.Release|Win32.ActiveCfg = Release|Win32
		{AA60E92A-DF2C-4E3F-92BC-27034F7FB798}.Release|Win32.Build.0 = Release|Win32
		{256C3FF8-678A-4F5B-8DC2-1BBF432B5655}.Debug|Win32.ActiveCfg = Debug|Win32
		{256C3FF8-678A-4F5B-8DC2-1BBF432B5655}.Debug|Win32.Build.0 = Debug|Win32
		{256C3FF8-678A-4F5B-8DC2-1BBF432B5655}.Release|Win32.ActiveCfg = Release|Win32
		{256C3FF8-678A-4F5B-8DC2-1BBF432B5655}.Release|Win32.Build.0 = Release|Win32
		{B80D495C-F203-43A4-9CE2-A01481BA445D}.Debug|Win32.ActiveCfg = Debug|Win32
		{B80D495C-F203-43A4-9CE2-A01481BA445D}.Debug|Win32.Build.0 = Debug|Win32
		{B80D495C-F203-43A4-9CE2-A01481BA445D}.Release|Win32.ActiveCfg = Release|Win32
		{B80D495C-F203-43A4-9CE2-A01481BA445D}.Release|Win32.Build.0 = Release|Win32
	EndGlobalSection
	GlobalSection(SolutionProperties) = preSolution
		HideSolutionNode = FALSE
	EndGlobalSection
EndGlobal
